
Microsoft Visual Studio Solution File, Format Version 12.00
# Visual Studio Version 17
VisualStudioVersion = 17.6.33723.286
MinimumVisualStudioVersion = 10.0.40219.1
Project("{FAE04EC0-301F-11D3-BF4B-00C04F79EFBC}") = "Open-and-Save-PowerPoint-Presentation", "Open-and-Save-PowerPoint-Presentation\Open-and-Save-PowerPoint-Presentation.csproj", "{DCF3BB50-4A8D-4D56-A45E-4F33D5119FEA}"
EndProject
Global
	GlobalSection(SolutionConfigurationPlatforms) = preSolution
		Debug|Any CPU = Debug|Any CPU
		Release|Any CPU = Release|Any CPU
	EndGlobalSection
	GlobalSection(ProjectConfigurationPlatforms) = postSolution
		{DCF3BB50-4A8D-4D56-A45E-4F33D5119FEA}.Debug|Any CPU.ActiveCfg = Debug|Any CPU
		{DCF3BB50-4A8D-4D56-A45E-4F33D5119FEA}.Debug|Any CPU.Build.0 = Debug|Any CPU
		{DCF3BB50-4A8D-4D56-A45E-4F33D5119FEA}.Release|Any CPU.ActiveCfg = Release|Any CPU
		{DCF3BB50-4A8D-4D56-A45E-4F33D5119FEA}.Release|Any CPU.Build.0 = Release|Any CPU
	EndGlobalSection
	GlobalSection(SolutionProperties) = preSolution
		HideSolutionNode = FALSE
	EndGlobalSection
	GlobalSection(ExtensibilityGlobals) = postSolution
		SolutionGuid = {1D939705-6827-43E5-A0E9-C95BA050F4DE}
	EndGlobalSection
EndGlobal
