
Microsoft Visual Studio Solution File, Format Version 12.00
# Visual Studio Version 17
VisualStudioVersion = 17.6.33723.286
MinimumVisualStudioVersion = 10.0.40219.1
Project("{FAE04EC0-301F-11D3-BF4B-00C04F79EFBC}") = "Convert-PowerPoint-Presentation-to-Image.UWP", "Convert-PowerPoint-Presentation-to-Image\Convert-PowerPoint-Presentation-to-Image.UWP\Convert-PowerPoint-Presentation-to-Image.UWP.csproj", "{323DF499-9FA7-4609-8537-E5DE97527DDA}"
EndProject
Project("{FAE04EC0-301F-11D3-BF4B-00C04F79EFBC}") = "Convert-PowerPoint-Presentation-to-Image.Android", "Convert-PowerPoint-Presentation-to-Image\Convert-PowerPoint-Presentation-to-Image.Android\Convert-PowerPoint-Presentation-to-Image.Android.csproj", "{45B76C95-3011-4E42-A829-2F0A4FBB6F9C}"
EndProject
Project("{FAE04EC0-301F-11D3-BF4B-00C04F79EFBC}") = "Convert-PowerPoint-Presentation-to-Image.iOS", "Convert-PowerPoint-Presentation-to-Image\Convert-PowerPoint-Presentation-to-Image.iOS\Convert-PowerPoint-Presentation-to-Image.iOS.csproj", "{C889EF81-BD3E-4635-9D0D-DD6A5D15EFE5}"
EndProject
Project("{FAE04EC0-301F-11D3-BF4B-00C04F79EFBC}") = "Convert-PowerPoint-Presentation-to-Image", "Convert-PowerPoint-Presentation-to-Image\Convert-PowerPoint-Presentation-to-Image\Convert-PowerPoint-Presentation-to-Image.csproj", "{DE9A1949-F620-4DE8-97C5-E8C85F740829}"
EndProject
Global
	GlobalSection(SolutionConfigurationPlatforms) = preSolution
		Debug|Any CPU = Debug|Any CPU
		Debug|ARM = Debug|ARM
		Debug|iPhone = Debug|iPhone
		Debug|iPhoneSimulator = Debug|iPhoneSimulator
		Debug|x64 = Debug|x64
		Debug|x86 = Debug|x86
		Release|Any CPU = Release|Any CPU
		Release|ARM = Release|ARM
		Release|iPhone = Release|iPhone
		Release|iPhoneSimulator = Release|iPhoneSimulator
		Release|x64 = Release|x64
		Release|x86 = Release|x86
	EndGlobalSection
	GlobalSection(ProjectConfigurationPlatforms) = postSolution
		{323DF499-9FA7-4609-8537-E5DE97527DDA}.Debug|Any CPU.ActiveCfg = Debug|x64
		{323DF499-9FA7-4609-8537-E5DE97527DDA}.Debug|Any CPU.Build.0 = Debug|x64
		{323DF499-9FA7-4609-8537-E5DE97527DDA}.Debug|Any CPU.Deploy.0 = Debug|x64
		{323DF499-9FA7-4609-8537-E5DE97527DDA}.Debug|ARM.ActiveCfg = Debug|ARM
		{323DF499-9FA7-4609-8537-E5DE97527DDA}.Debug|ARM.Build.0 = Debug|ARM
		{323DF499-9FA7-4609-8537-E5DE97527DDA}.Debug|ARM.Deploy.0 = Debug|ARM
		{323DF499-9FA7-4609-8537-E5DE97527DDA}.Debug|iPhone.ActiveCfg = Debug|x64
		{323DF499-9FA7-4609-8537-E5DE97527DDA}.Debug|iPhone.Build.0 = Debug|x64
		{323DF499-9FA7-4609-8537-E5DE97527DDA}.Debug|iPhone.Deploy.0 = Debug|x64
		{323DF499-9FA7-4609-8537-E5DE97527DDA}.Debug|iPhoneSimulator.ActiveCfg = Debug|x64
		{323DF499-9FA7-4609-8537-E5DE97527DDA}.Debug|iPhoneSimulator.Build.0 = Debug|x64
		{323DF499-9FA7-4609-8537-E5DE97527DDA}.Debug|iPhoneSimulator.Deploy.0 = Debug|x64
		{323DF499-9FA7-4609-8537-E5DE97527DDA}.Debug|x64.ActiveCfg = Debug|x64
		{323DF499-9FA7-4609-8537-E5DE97527DDA}.Debug|x64.Build.0 = Debug|x64
		{323DF499-9FA7-4609-8537-E5DE97527DDA}.Debug|x64.Deploy.0 = Debug|x64
		{323DF499-9FA7-4609-8537-E5DE97527DDA}.Debug|x86.ActiveCfg = Debug|x86
		{323DF499-9FA7-4609-8537-E5DE97527DDA}.Debug|x86.Build.0 = Debug|x86
		{323DF499-9FA7-4609-8537-E5DE97527DDA}.Debug|x86.Deploy.0 = Debug|x86
		{323DF499-9FA7-4609-8537-E5DE97527DDA}.Release|Any CPU.ActiveCfg = Release|x64
		{323DF499-9FA7-4609-8537-E5DE97527DDA}.Release|Any CPU.Build.0 = Release|x64
		{323DF499-9FA7-4609-8537-E5DE97527DDA}.Release|Any CPU.Deploy.0 = Release|x64
		{323DF499-9FA7-4609-8537-E5DE97527DDA}.Release|ARM.ActiveCfg = Release|ARM
		{323DF499-9FA7-4609-8537-E5DE97527DDA}.Release|ARM.Build.0 = Release|ARM
		{323DF499-9FA7-4609-8537-E5DE97527DDA}.Release|ARM.Deploy.0 = Release|ARM
		{323DF499-9FA7-4609-8537-E5DE97527DDA}.Release|iPhone.ActiveCfg = Release|x64
		{323DF499-9FA7-4609-8537-E5DE97527DDA}.Release|iPhone.Build.0 = Release|x64
		{323DF499-9FA7-4609-8537-E5DE97527DDA}.Release|iPhone.Deploy.0 = Release|x64
		{323DF499-9FA7-4609-8537-E5DE97527DDA}.Release|iPhoneSimulator.ActiveCfg = Release|x64
		{323DF499-9FA7-4609-8537-E5DE97527DDA}.Release|iPhoneSimulator.Build.0 = Release|x64
		{323DF499-9FA7-4609-8537-E5DE97527DDA}.Release|iPhoneSimulator.Deploy.0 = Release|x64
		{323DF499-9FA7-4609-8537-E5DE97527DDA}.Release|x64.ActiveCfg = Release|x64
		{323DF499-9FA7-4609-8537-E5DE97527DDA}.Release|x64.Build.0 = Release|x64
		{323DF499-9FA7-4609-8537-E5DE97527DDA}.Release|x64.Deploy.0 = Release|x64
		{323DF499-9FA7-4609-8537-E5DE97527DDA}.Release|x86.ActiveCfg = Release|x86
		{323DF499-9FA7-4609-8537-E5DE97527DDA}.Release|x86.Build.0 = Release|x86
		{323DF499-9FA7-4609-8537-E5DE97527DDA}.Release|x86.Deploy.0 = Release|x86
		{45B76C95-3011-4E42-A829-2F0A4FBB6F9C}.Debug|Any CPU.ActiveCfg = Debug|Any CPU
		{45B76C95-3011-4E42-A829-2F0A4FBB6F9C}.Debug|Any CPU.Build.0 = Debug|Any CPU
		{45B76C95-3011-4E42-A829-2F0A4FBB6F9C}.Debug|Any CPU.Deploy.0 = Debug|Any CPU
		{45B76C95-3011-4E42-A829-2F0A4FBB6F9C}.Debug|ARM.ActiveCfg = Debug|Any CPU
		{45B76C95-3011-4E42-A829-2F0A4FBB6F9C}.Debug|ARM.Build.0 = Debug|Any CPU
		{45B76C95-3011-4E42-A829-2F0A4FBB6F9C}.Debug|ARM.Deploy.0 = Debug|Any CPU
		{45B76C95-3011-4E42-A829-2F0A4FBB6F9C}.Debug|iPhone.ActiveCfg = Debug|Any CPU
		{45B76C95-3011-4E42-A829-2F0A4FBB6F9C}.Debug|iPhone.Build.0 = Debug|Any CPU
		{45B76C95-3011-4E42-A829-2F0A4FBB6F9C}.Debug|iPhone.Deploy.0 = Debug|Any CPU
		{45B76C95-3011-4E42-A829-2F0A4FBB6F9C}.Debug|iPhoneSimulator.ActiveCfg = Debug|Any CPU
		{45B76C95-3011-4E42-A829-2F0A4FBB6F9C}.Debug|iPhoneSimulator.Build.0 = Debug|Any CPU
		{45B76C95-3011-4E42-A829-2F0A4FBB6F9C}.Debug|iPhoneSimulator.Deploy.0 = Debug|Any CPU
		{45B76C95-3011-4E42-A829-2F0A4FBB6F9C}.Debug|x64.ActiveCfg = Debug|Any CPU
		{45B76C95-3011-4E42-A829-2F0A4FBB6F9C}.Debug|x64.Build.0 = Debug|Any CPU
		{45B76C95-3011-4E42-A829-2F0A4FBB6F9C}.Debug|x64.Deploy.0 = Debug|Any CPU
		{45B76C95-3011-4E42-A829-2F0A4FBB6F9C}.Debug|x86.ActiveCfg = Debug|Any CPU
		{45B76C95-3011-4E42-A829-2F0A4FBB6F9C}.Debug|x86.Build.0 = Debug|Any CPU
		{45B76C95-3011-4E42-A829-2F0A4FBB6F9C}.Debug|x86.Deploy.0 = Debug|Any CPU
		{45B76C95-3011-4E42-A829-2F0A4FBB6F9C}.Release|Any CPU.ActiveCfg = Release|Any CPU
		{45B76C95-3011-4E42-A829-2F0A4FBB6F9C}.Release|Any CPU.Build.0 = Release|Any CPU
		{45B76C95-3011-4E42-A829-2F0A4FBB6F9C}.Release|Any CPU.Deploy.0 = Release|Any CPU
		{45B76C95-3011-4E42-A829-2F0A4FBB6F9C}.Release|ARM.ActiveCfg = Release|Any CPU
		{45B76C95-3011-4E42-A829-2F0A4FBB6F9C}.Release|ARM.Build.0 = Release|Any CPU
		{45B76C95-3011-4E42-A829-2F0A4FBB6F9C}.Release|ARM.Deploy.0 = Release|Any CPU
		{45B76C95-3011-4E42-A829-2F0A4FBB6F9C}.Release|iPhone.ActiveCfg = Release|Any CPU
		{45B76C95-3011-4E42-A829-2F0A4FBB6F9C}.Release|iPhone.Build.0 = Release|Any CPU
		{45B76C95-3011-4E42-A829-2F0A4FBB6F9C}.Release|iPhone.Deploy.0 = Release|Any CPU
		{45B76C95-3011-4E42-A829-2F0A4FBB6F9C}.Release|iPhoneSimulator.ActiveCfg = Release|Any CPU
		{45B76C95-3011-4E42-A829-2F0A4FBB6F9C}.Release|iPhoneSimulator.Build.0 = Release|Any CPU
		{45B76C95-3011-4E42-A829-2F0A4FBB6F9C}.Release|iPhoneSimulator.Deploy.0 = Release|Any CPU
		{45B76C95-3011-4E42-A829-2F0A4FBB6F9C}.Release|x64.ActiveCfg = Release|Any CPU
		{45B76C95-3011-4E42-A829-2F0A4FBB6F9C}.Release|x64.Build.0 = Release|Any CPU
		{45B76C95-3011-4E42-A829-2F0A4FBB6F9C}.Release|x64.Deploy.0 = Release|Any CPU
		{45B76C95-3011-4E42-A829-2F0A4FBB6F9C}.Release|x86.ActiveCfg = Release|Any CPU
		{45B76C95-3011-4E42-A829-2F0A4FBB6F9C}.Release|x86.Build.0 = Release|Any CPU
		{45B76C95-3011-4E42-A829-2F0A4FBB6F9C}.Release|x86.Deploy.0 = Release|Any CPU
		{C889EF81-BD3E-4635-9D0D-DD6A5D15EFE5}.Debug|Any CPU.ActiveCfg = Debug|iPhoneSimulator
		{C889EF81-BD3E-4635-9D0D-DD6A5D15EFE5}.Debug|Any CPU.Build.0 = Debug|iPhoneSimulator
		{C889EF81-BD3E-4635-9D0D-DD6A5D15EFE5}.Debug|Any CPU.Deploy.0 = Debug|iPhoneSimulator
		{C889EF81-BD3E-4635-9D0D-DD6A5D15EFE5}.Debug|ARM.ActiveCfg = Debug|iPhoneSimulator
		{C889EF81-BD3E-4635-9D0D-DD6A5D15EFE5}.Debug|ARM.Build.0 = Debug|iPhoneSimulator
		{C889EF81-BD3E-4635-9D0D-DD6A5D15EFE5}.Debug|ARM.Deploy.0 = Debug|iPhoneSimulator
		{C889EF81-BD3E-4635-9D0D-DD6A5D15EFE5}.Debug|iPhone.ActiveCfg = Debug|iPhone
		{C889EF81-BD3E-4635-9D0D-DD6A5D15EFE5}.Debug|iPhone.Build.0 = Debug|iPhone
		{C889EF81-BD3E-4635-9D0D-DD6A5D15EFE5}.Debug|iPhone.Deploy.0 = Debug|iPhone
		{C889EF81-BD3E-4635-9D0D-DD6A5D15EFE5}.Debug|iPhoneSimulator.ActiveCfg = Debug|iPhoneSimulator
		{C889EF81-BD3E-4635-9D0D-DD6A5D15EFE5}.Debug|iPhoneSimulator.Build.0 = Debug|iPhoneSimulator
		{C889EF81-BD3E-4635-9D0D-DD6A5D15EFE5}.Debug|iPhoneSimulator.Deploy.0 = Debug|iPhoneSimulator
		{C889EF81-BD3E-4635-9D0D-DD6A5D15EFE5}.Debug|x64.ActiveCfg = Debug|iPhone
		{C889EF81-BD3E-4635-9D0D-DD6A5D15EFE5}.Debug|x64.Build.0 = Debug|iPhone
		{C889EF81-BD3E-4635-9D0D-DD6A5D15EFE5}.Debug|x64.Deploy.0 = Debug|iPhone
		{C889EF81-BD3E-4635-9D0D-DD6A5D15EFE5}.Debug|x86.ActiveCfg = Debug|iPhoneSimulator
		{C889EF81-BD3E-4635-9D0D-DD6A5D15EFE5}.Debug|x86.Build.0 = Debug|iPhoneSimulator
		{C889EF81-BD3E-4635-9D0D-DD6A5D15EFE5}.Debug|x86.Deploy.0 = Debug|iPhoneSimulator
		{C889EF81-BD3E-4635-9D0D-DD6A5D15EFE5}.Release|Any CPU.ActiveCfg = Release|iPhoneSimulator
		{C889EF81-BD3E-4635-9D0D-DD6A5D15EFE5}.Release|Any CPU.Build.0 = Release|iPhoneSimulator
		{C889EF81-BD3E-4635-9D0D-DD6A5D15EFE5}.Release|Any CPU.Deploy.0 = Release|iPhoneSimulator
		{C889EF81-BD3E-4635-9D0D-DD6A5D15EFE5}.Release|ARM.ActiveCfg = Release|iPhoneSimulator
		{C889EF81-BD3E-4635-9D0D-DD6A5D15EFE5}.Release|ARM.Build.0 = Release|iPhoneSimulator
		{C889EF81-BD3E-4635-9D0D-DD6A5D15EFE5}.Release|ARM.Deploy.0 = Release|iPhoneSimulator
		{C889EF81-BD3E-4635-9D0D-DD6A5D15EFE5}.Release|iPhone.ActiveCfg = Release|iPhone
		{C889EF81-BD3E-4635-9D0D-DD6A5D15EFE5}.Release|iPhone.Build.0 = Release|iPhone
		{C889EF81-BD3E-4635-9D0D-DD6A5D15EFE5}.Release|iPhone.Deploy.0 = Release|iPhone
		{C889EF81-BD3E-4635-9D0D-DD6A5D15EFE5}.Release|iPhoneSimulator.ActiveCfg = Release|iPhoneSimulator
		{C889EF81-BD3E-4635-9D0D-DD6A5D15EFE5}.Release|iPhoneSimulator.Build.0 = Release|iPhoneSimulator
		{C889EF81-BD3E-4635-9D0D-DD6A5D15EFE5}.Release|iPhoneSimulator.Deploy.0 = Release|iPhoneSimulator
		{C889EF81-BD3E-4635-9D0D-DD6A5D15EFE5}.Release|x64.ActiveCfg = Release|iPhoneSimulator
		{C889EF81-BD3E-4635-9D0D-DD6A5D15EFE5}.Release|x64.Build.0 = Release|iPhoneSimulator
		{C889EF81-BD3E-4635-9D0D-DD6A5D15EFE5}.Release|x64.Deploy.0 = Release|iPhoneSimulator
		{C889EF81-BD3E-4635-9D0D-DD6A5D15EFE5}.Release|x86.ActiveCfg = Release|iPhoneSimulator
		{C889EF81-BD3E-4635-9D0D-DD6A5D15EFE5}.Release|x86.Build.0 = Release|iPhoneSimulator
		{C889EF81-BD3E-4635-9D0D-DD6A5D15EFE5}.Release|x86.Deploy.0 = Release|iPhoneSimulator
		{DE9A1949-F620-4DE8-97C5-E8C85F740829}.Debug|Any CPU.ActiveCfg = Debug|Any CPU
		{DE9A1949-F620-4DE8-97C5-E8C85F740829}.Debug|Any CPU.Build.0 = Debug|Any CPU
		{DE9A1949-F620-4DE8-97C5-E8C85F740829}.Debug|Any CPU.Deploy.0 = Debug|Any CPU
		{DE9A1949-F620-4DE8-97C5-E8C85F740829}.Debug|ARM.ActiveCfg = Debug|Any CPU
		{DE9A1949-F620-4DE8-97C5-E8C85F740829}.Debug|ARM.Build.0 = Debug|Any CPU
		{DE9A1949-F620-4DE8-97C5-E8C85F740829}.Debug|ARM.Deploy.0 = Debug|Any CPU
		{DE9A1949-F620-4DE8-97C5-E8C85F740829}.Debug|iPhone.ActiveCfg = Debug|Any CPU
		{DE9A1949-F620-4DE8-97C5-E8C85F740829}.Debug|iPhone.Build.0 = Debug|Any CPU
		{DE9A1949-F620-4DE8-97C5-E8C85F740829}.Debug|iPhone.Deploy.0 = Debug|Any CPU
		{DE9A1949-F620-4DE8-97C5-E8C85F740829}.Debug|iPhoneSimulator.ActiveCfg = Debug|Any CPU
		{DE9A1949-F620-4DE8-97C5-E8C85F740829}.Debug|iPhoneSimulator.Build.0 = Debug|Any CPU
		{DE9A1949-F620-4DE8-97C5-E8C85F740829}.Debug|iPhoneSimulator.Deploy.0 = Debug|Any CPU
		{DE9A1949-F620-4DE8-97C5-E8C85F740829}.Debug|x64.ActiveCfg = Debug|Any CPU
		{DE9A1949-F620-4DE8-97C5-E8C85F740829}.Debug|x64.Build.0 = Debug|Any CPU
		{DE9A1949-F620-4DE8-97C5-E8C85F740829}.Debug|x64.Deploy.0 = Debug|Any CPU
		{DE9A1949-F620-4DE8-97C5-E8C85F740829}.Debug|x86.ActiveCfg = Debug|Any CPU
		{DE9A1949-F620-4DE8-97C5-E8C85F740829}.Debug|x86.Build.0 = Debug|Any CPU
		{DE9A1949-F620-4DE8-97C5-E8C85F740829}.Debug|x86.Deploy.0 = Debug|Any CPU
		{DE9A1949-F620-4DE8-97C5-E8C85F740829}.Release|Any CPU.ActiveCfg = Release|Any CPU
		{DE9A1949-F620-4DE8-97C5-E8C85F740829}.Release|Any CPU.Build.0 = Release|Any CPU
		{DE9A1949-F620-4DE8-97C5-E8C85F740829}.Release|Any CPU.Deploy.0 = Release|Any CPU
		{DE9A1949-F620-4DE8-97C5-E8C85F740829}.Release|ARM.ActiveCfg = Release|Any CPU
		{DE9A1949-F620-4DE8-97C5-E8C85F740829}.Release|ARM.Build.0 = Release|Any CPU
		{DE9A1949-F620-4DE8-97C5-E8C85F740829}.Release|ARM.Deploy.0 = Release|Any CPU
		{DE9A1949-F620-4DE8-97C5-E8C85F740829}.Release|iPhone.ActiveCfg = Release|Any CPU
		{DE9A1949-F620-4DE8-97C5-E8C85F740829}.Release|iPhone.Build.0 = Release|Any CPU
		{DE9A1949-F620-4DE8-97C5-E8C85F740829}.Release|iPhone.Deploy.0 = Release|Any CPU
		{DE9A1949-F620-4DE8-97C5-E8C85F740829}.Release|iPhoneSimulator.ActiveCfg = Release|Any CPU
		{DE9A1949-F620-4DE8-97C5-E8C85F740829}.Release|iPhoneSimulator.Build.0 = Release|Any CPU
		{DE9A1949-F620-4DE8-97C5-E8C85F740829}.Release|iPhoneSimulator.Deploy.0 = Release|Any CPU
		{DE9A1949-F620-4DE8-97C5-E8C85F740829}.Release|x64.ActiveCfg = Release|Any CPU
		{DE9A1949-F620-4DE8-97C5-E8C85F740829}.Release|x64.Build.0 = Release|Any CPU
		{DE9A1949-F620-4DE8-97C5-E8C85F740829}.Release|x64.Deploy.0 = Release|Any CPU
		{DE9A1949-F620-4DE8-97C5-E8C85F740829}.Release|x86.ActiveCfg = Release|Any CPU
		{DE9A1949-F620-4DE8-97C5-E8C85F740829}.Release|x86.Build.0 = Release|Any CPU
		{DE9A1949-F620-4DE8-97C5-E8C85F740829}.Release|x86.Deploy.0 = Release|Any CPU
	EndGlobalSection
	GlobalSection(SolutionProperties) = preSolution
		HideSolutionNode = FALSE
	EndGlobalSection
	GlobalSection(ExtensibilityGlobals) = postSolution
		SolutionGuid = {72AFB7D1-7ACB-4B22-AAD2-A8A1DA5EB1A1}
	EndGlobalSection
EndGlobal
