
Microsoft Visual Studio Solution File, Format Version 12.00
# Visual Studio Version 17
VisualStudioVersion = 17.4.33205.214
MinimumVisualStudioVersion = 10.0.40219.1
Project("{FAE04EC0-301F-11D3-BF4B-00C04F79EFBC}") = "Create-PowerPoint-presentation", "Create-PowerPoint-presentation\Create-PowerPoint-presentation.csproj", "{04AEC932-40AA-4A56-9652-61F9DCF55DE4}"
EndProject
Global
	GlobalSection(SolutionConfigurationPlatforms) = preSolution
		Debug|Any CPU = Debug|Any CPU
		Release|Any CPU = Release|Any CPU
	EndGlobalSection
	GlobalSection(ProjectConfigurationPlatforms) = postSolution
		{04AEC932-40AA-4A56-9652-61F9DCF55DE4}.Debug|Any CPU.ActiveCfg = Debug|Any CPU
		{04AEC932-40AA-4A56-9652-61F9DCF55DE4}.Debug|Any CPU.Build.0 = Debug|Any CPU
		{04AEC932-40AA-4A56-9652-61F9DCF55DE4}.Release|Any CPU.ActiveCfg = Release|Any CPU
		{04AEC932-40AA-4A56-9652-61F9DCF55DE4}.Release|Any CPU.Build.0 = Release|Any CPU
	EndGlobalSection
	GlobalSection(SolutionProperties) = preSolution
		HideSolutionNode = FALSE
	EndGlobalSection
	GlobalSection(ExtensibilityGlobals) = postSolution
		SolutionGuid = {3938B73C-2868-4D5D-B767-D9702CE14B73}
	EndGlobalSection
EndGlobal
