
Microsoft Visual Studio Solution File, Format Version 12.00
# Visual Studio Version 17
VisualStudioVersion = 17.9.34414.90
MinimumVisualStudioVersion = 10.0.40219.1
Project("{FAE04EC0-301F-11D3-BF4B-00C04F79EFBC}") = "Remove_crop_from_image", "Remove_crop_from_image\Remove_crop_from_image.csproj", "{1FB8C3CA-DBB1-49D7-B59A-737AA5DD6EA8}"
EndProject
Global
	GlobalSection(SolutionConfigurationPlatforms) = preSolution
		Debug|Any CPU = Debug|Any CPU
		Release|Any CPU = Release|Any CPU
	EndGlobalSection
	GlobalSection(ProjectConfigurationPlatforms) = postSolution
		{1FB8C3CA-DBB1-49D7-B59A-737AA5DD6EA8}.Debug|Any CPU.ActiveCfg = Debug|Any CPU
		{1FB8C3CA-DBB1-49D7-B59A-737AA5DD6EA8}.Debug|Any CPU.Build.0 = Debug|Any CPU
		{1FB8C3CA-DBB1-49D7-B59A-737AA5DD6EA8}.Release|Any CPU.ActiveCfg = Release|Any CPU
		{1FB8C3CA-DBB1-49D7-B59A-737AA5DD6EA8}.Release|Any CPU.Build.0 = Release|Any CPU
	EndGlobalSection
	GlobalSection(SolutionProperties) = preSolution
		HideSolutionNode = FALSE
	EndGlobalSection
	GlobalSection(ExtensibilityGlobals) = postSolution
		SolutionGuid = {2C75F031-13DB-42B4-9A10-CD64B7CDD47F}
	EndGlobalSection
EndGlobal
