
Microsoft Visual Studio Solution File, Format Version 12.00
# Visual Studio Version 17
VisualStudioVersion = 17.4.33205.214
MinimumVisualStudioVersion = 10.0.40219.1
Project("{FAE04EC0-301F-11D3-BF4B-00C04F79EFBC}") = "Read-and-edit-PowerPoint-presentation", "Read-and-edit-PowerPoint-presentation\Read-and-edit-PowerPoint-presentation.csproj", "{92EBDDA2-5A7F-45D5-8820-1EB9103DCF5C}"
EndProject
Global
	GlobalSection(SolutionConfigurationPlatforms) = preSolution
		Debug|Any CPU = Debug|Any CPU
		Release|Any CPU = Release|Any CPU
	EndGlobalSection
	GlobalSection(ProjectConfigurationPlatforms) = postSolution
		{92EBDDA2-5A7F-45D5-8820-1EB9103DCF5C}.Debug|Any CPU.ActiveCfg = Debug|Any CPU
		{92EBDDA2-5A7F-45D5-8820-1EB9103DCF5C}.Debug|Any CPU.Build.0 = Debug|Any CPU
		{92EBDDA2-5A7F-45D5-8820-1EB9103DCF5C}.Release|Any CPU.ActiveCfg = Release|Any CPU
		{92EBDDA2-5A7F-45D5-8820-1EB9103DCF5C}.Release|Any CPU.Build.0 = Release|Any CPU
	EndGlobalSection
	GlobalSection(SolutionProperties) = preSolution
		HideSolutionNode = FALSE
	EndGlobalSection
	GlobalSection(ExtensibilityGlobals) = postSolution
		SolutionGuid = {113E945F-8A1F-4629-950D-44C6C38A8BC2}
	EndGlobalSection
EndGlobal
