
Microsoft Visual Studio Solution File, Format Version 12.00
# Visual Studio Version 17
VisualStudioVersion = 17.14.36518.9 d17.14
MinimumVisualStudioVersion = 10.0.40219.1
Project("{FAE04EC0-301F-11D3-BF4B-00C04F79EFBC}") = "Create-PowerPoint-presentation", "Create-PowerPoint-presentation\Create-PowerPoint-presentation.csproj", "{5FB660D6-491B-4492-86AF-F12FE74559F1}"
EndProject
Global
	GlobalSection(SolutionConfigurationPlatforms) = preSolution
		Debug|Any CPU = Debug|Any CPU
		Release|Any CPU = Release|Any CPU
	EndGlobalSection
	GlobalSection(ProjectConfigurationPlatforms) = postSolution
		{5FB660D6-491B-4492-86AF-F12FE74559F1}.Debug|Any CPU.ActiveCfg = Debug|Any CPU
		{5FB660D6-491B-4492-86AF-F12FE74559F1}.Debug|Any CPU.Build.0 = Debug|Any CPU
		{5FB660D6-491B-4492-86AF-F12FE74559F1}.Release|Any CPU.ActiveCfg = Release|Any CPU
		{5FB660D6-491B-4492-86AF-F12FE74559F1}.Release|Any CPU.Build.0 = Release|Any CPU
	EndGlobalSection
	GlobalSection(SolutionProperties) = preSolution
		HideSolutionNode = FALSE
	EndGlobalSection
	GlobalSection(ExtensibilityGlobals) = postSolution
		SolutionGuid = {45C04AEF-6AD5-4639-8CDE-A96266A085DC}
	EndGlobalSection
EndGlobal
