
Microsoft Visual Studio Solution File, Format Version 12.00
# Visual Studio Version 17
VisualStudioVersion = 17.4.33213.308
MinimumVisualStudioVersion = 10.0.40219.1
Project("{FAE04EC0-301F-11D3-BF4B-00C04F79EFBC}") = "Change-text-for-data-label-in-chart", "Change-text-for-data-label-in-chart\Change-text-for-data-label-in-chart.csproj", "{1E7F450F-7B3F-408A-876E-992EAE737C3C}"
EndProject
Global
	GlobalSection(SolutionConfigurationPlatforms) = preSolution
		Debug|Any CPU = Debug|Any CPU
		Release|Any CPU = Release|Any CPU
	EndGlobalSection
	GlobalSection(ProjectConfigurationPlatforms) = postSolution
		{1E7F450F-7B3F-408A-876E-992EAE737C3C}.Debug|Any CPU.ActiveCfg = Debug|Any CPU
		{1E7F450F-7B3F-408A-876E-992EAE737C3C}.Debug|Any CPU.Build.0 = Debug|Any CPU
		{1E7F450F-7B3F-408A-876E-992EAE737C3C}.Release|Any CPU.ActiveCfg = Release|Any CPU
		{1E7F450F-7B3F-408A-876E-992EAE737C3C}.Release|Any CPU.Build.0 = Release|Any CPU
	EndGlobalSection
	GlobalSection(SolutionProperties) = preSolution
		HideSolutionNode = FALSE
	EndGlobalSection
	GlobalSection(ExtensibilityGlobals) = postSolution
		SolutionGuid = {9E6F02D5-548E-4658-8553-91C4BF6B8283}
	EndGlobalSection
EndGlobal
