
Microsoft Visual Studio Solution File, Format Version 12.00
# Visual Studio Version 17
VisualStudioVersion = 17.10.34928.147
MinimumVisualStudioVersion = 10.0.40219.1
Project("{FAE04EC0-301F-11D3-BF4B-00C04F79EFBC}") = "Save-PowerPoint-document", "Save-PowerPoint-document\Save-PowerPoint-document.csproj", "{41E3C68D-1327-45EC-8C9B-89C43F0292AE}"
EndProject
Global
	GlobalSection(SolutionConfigurationPlatforms) = preSolution
		Debug|Any CPU = Debug|Any CPU
		Release|Any CPU = Release|Any CPU
	EndGlobalSection
	GlobalSection(ProjectConfigurationPlatforms) = postSolution
		{41E3C68D-1327-45EC-8C9B-89C43F0292AE}.Debug|Any CPU.ActiveCfg = Debug|Any CPU
		{41E3C68D-1327-45EC-8C9B-89C43F0292AE}.Debug|Any CPU.Build.0 = Debug|Any CPU
		{41E3C68D-1327-45EC-8C9B-89C43F0292AE}.Release|Any CPU.ActiveCfg = Release|Any CPU
		{41E3C68D-1327-45EC-8C9B-89C43F0292AE}.Release|Any CPU.Build.0 = Release|Any CPU
	EndGlobalSection
	GlobalSection(SolutionProperties) = preSolution
		HideSolutionNode = FALSE
	EndGlobalSection
	GlobalSection(ExtensibilityGlobals) = postSolution
		SolutionGuid = {D2B3C318-A293-4FFC-9230-ABBAE67860DE}
	EndGlobalSection
EndGlobal
