
Microsoft Visual Studio Solution File, Format Version 12.00
# Visual Studio Version 17
VisualStudioVersion = 17.14.36518.9 d17.14
MinimumVisualStudioVersion = 10.0.40219.1
Project("{FAE04EC0-301F-11D3-BF4B-00C04F79EFBC}") = "Import-Excel-chart-into-PPTX-in-WPF", "Import-Excel-chart-into-PPTX-in-WPF\Import-Excel-chart-into-PPTX-in-WPF.csproj", "{0ACB70D9-DFE1-4784-A086-A16C2EC7B73A}"
EndProject
Global
	GlobalSection(SolutionConfigurationPlatforms) = preSolution
		Debug|Any CPU = Debug|Any CPU
		Release|Any CPU = Release|Any CPU
	EndGlobalSection
	GlobalSection(ProjectConfigurationPlatforms) = postSolution
		{0ACB70D9-DFE1-4784-A086-A16C2EC7B73A}.Debug|Any CPU.ActiveCfg = Debug|Any CPU
		{0ACB70D9-DFE1-4784-A086-A16C2EC7B73A}.Debug|Any CPU.Build.0 = Debug|Any CPU
		{0ACB70D9-DFE1-4784-A086-A16C2EC7B73A}.Release|Any CPU.ActiveCfg = Release|Any CPU
		{0ACB70D9-DFE1-4784-A086-A16C2EC7B73A}.Release|Any CPU.Build.0 = Release|Any CPU
	EndGlobalSection
	GlobalSection(SolutionProperties) = preSolution
		HideSolutionNode = FALSE
	EndGlobalSection
	GlobalSection(ExtensibilityGlobals) = postSolution
		SolutionGuid = {BFA6B418-6283-4195-9749-1914C37EE2FD}
	EndGlobalSection
EndGlobal
