
Microsoft Visual Studio Solution File, Format Version 12.00
# Visual Studio Version 17
VisualStudioVersion = 17.8.34330.188
MinimumVisualStudioVersion = 10.0.40219.1
Project("{FAE04EC0-301F-11D3-BF4B-00C04F79EFBC}") = "Create-clustered-bar-chart-using-dynamic-data", "Create-clustered-bar-chart-using-dynamic-data\Create-clustered-bar-chart-using-dynamic-data.csproj", "{0250BC5A-BF79-4C27-94AC-8DEC25220686}"
EndProject
Global
	GlobalSection(SolutionConfigurationPlatforms) = preSolution
		Debug|Any CPU = Debug|Any CPU
		Release|Any CPU = Release|Any CPU
	EndGlobalSection
	GlobalSection(ProjectConfigurationPlatforms) = postSolution
		{0250BC5A-BF79-4C27-94AC-8DEC25220686}.Debug|Any CPU.ActiveCfg = Debug|Any CPU
		{0250BC5A-BF79-4C27-94AC-8DEC25220686}.Debug|Any CPU.Build.0 = Debug|Any CPU
		{0250BC5A-BF79-4C27-94AC-8DEC25220686}.Release|Any CPU.ActiveCfg = Release|Any CPU
		{0250BC5A-BF79-4C27-94AC-8DEC25220686}.Release|Any CPU.Build.0 = Release|Any CPU
	EndGlobalSection
	GlobalSection(SolutionProperties) = preSolution
		HideSolutionNode = FALSE
	EndGlobalSection
	GlobalSection(ExtensibilityGlobals) = postSolution
		SolutionGuid = {02CF2DCE-5F26-4DE9-8B2A-D28652D37C1D}
	EndGlobalSection
EndGlobal
