
Microsoft Visual Studio Solution File, Format Version 12.00
# Visual Studio Version 17
VisualStudioVersion = 17.6.33829.357
MinimumVisualStudioVersion = 10.0.40219.1
Project("{FAE04EC0-301F-11D3-BF4B-00C04F79EFBC}") = "Mutiple-Presentation-files-to-PDFs-and-zip", "Mutiple-Presentation-files-to-PDFs-and-zip\Mutiple-Presentation-files-to-PDFs-and-zip.csproj", "{330A9C01-C744-4970-85DF-4B97D219FA57}"
EndProject
Global
	GlobalSection(SolutionConfigurationPlatforms) = preSolution
		Debug|Any CPU = Debug|Any CPU
		Release|Any CPU = Release|Any CPU
	EndGlobalSection
	GlobalSection(ProjectConfigurationPlatforms) = postSolution
		{330A9C01-C744-4970-85DF-4B97D219FA57}.Debug|Any CPU.ActiveCfg = Debug|Any CPU
		{330A9C01-C744-4970-85DF-4B97D219FA57}.Debug|Any CPU.Build.0 = Debug|Any CPU
		{330A9C01-C744-4970-85DF-4B97D219FA57}.Release|Any CPU.ActiveCfg = Release|Any CPU
		{330A9C01-C744-4970-85DF-4B97D219FA57}.Release|Any CPU.Build.0 = Release|Any CPU
	EndGlobalSection
	GlobalSection(SolutionProperties) = preSolution
		HideSolutionNode = FALSE
	EndGlobalSection
	GlobalSection(ExtensibilityGlobals) = postSolution
		SolutionGuid = {29B1972B-D5B7-4F4E-AB86-E1CCCECE5F94}
	EndGlobalSection
EndGlobal
