
Microsoft Visual Studio Solution File, Format Version 12.00
# Visual Studio Version 17
VisualStudioVersion = 17.6.33723.286
MinimumVisualStudioVersion = 10.0.40219.1
Project("{FAE04EC0-301F-11D3-BF4B-00C04F79EFBC}") = "Convert-PowerPoint-Presentation-to-PDF", "Convert-PowerPoint-Presentation-to-PDF\Convert-PowerPoint-Presentation-to-PDF.csproj", "{B3AD2634-5F89-42DE-A6B2-490635E0BB27}"
EndProject
Global
	GlobalSection(SolutionConfigurationPlatforms) = preSolution
		Debug|Any CPU = Debug|Any CPU
		Release|Any CPU = Release|Any CPU
	EndGlobalSection
	GlobalSection(ProjectConfigurationPlatforms) = postSolution
		{B3AD2634-5F89-42DE-A6B2-490635E0BB27}.Debug|Any CPU.ActiveCfg = Debug|Any CPU
		{B3AD2634-5F89-42DE-A6B2-490635E0BB27}.Debug|Any CPU.Build.0 = Debug|Any CPU
		{B3AD2634-5F89-42DE-A6B2-490635E0BB27}.Release|Any CPU.ActiveCfg = Release|Any CPU
		{B3AD2634-5F89-42DE-A6B2-490635E0BB27}.Release|Any CPU.Build.0 = Release|Any CPU
	EndGlobalSection
	GlobalSection(SolutionProperties) = preSolution
		HideSolutionNode = FALSE
	EndGlobalSection
	GlobalSection(ExtensibilityGlobals) = postSolution
		SolutionGuid = {AED61537-1EA0-477C-9A5A-EFDE8D2C9ED9}
	EndGlobalSection
EndGlobal
