
Microsoft Visual Studio Solution File, Format Version 12.00
# Visual Studio Version 17
VisualStudioVersion = 17.6.33723.286
MinimumVisualStudioVersion = 10.0.40219.1
Project("{FAE04EC0-301F-11D3-BF4B-00C04F79EFBC}") = "Create-PowerPoint-Presentation", "Create-PowerPoint-Presentation\Create-PowerPoint-Presentation.csproj", "{ED2EB22E-274D-490D-8089-AADAFB11B6E5}"
EndProject
Global
	GlobalSection(SolutionConfigurationPlatforms) = preSolution
		Debug|Any CPU = Debug|Any CPU
		Release|Any CPU = Release|Any CPU
	EndGlobalSection
	GlobalSection(ProjectConfigurationPlatforms) = postSolution
		{ED2EB22E-274D-490D-8089-AADAFB11B6E5}.Debug|Any CPU.ActiveCfg = Debug|Any CPU
		{ED2EB22E-274D-490D-8089-AADAFB11B6E5}.Debug|Any CPU.Build.0 = Debug|Any CPU
		{ED2EB22E-274D-490D-8089-AADAFB11B6E5}.Release|Any CPU.ActiveCfg = Release|Any CPU
		{ED2EB22E-274D-490D-8089-AADAFB11B6E5}.Release|Any CPU.Build.0 = Release|Any CPU
	EndGlobalSection
	GlobalSection(SolutionProperties) = preSolution
		HideSolutionNode = FALSE
	EndGlobalSection
	GlobalSection(ExtensibilityGlobals) = postSolution
		SolutionGuid = {367EE8A1-445A-4AEF-BDCA-017102A426BF}
	EndGlobalSection
EndGlobal
