
Microsoft Visual Studio Solution File, Format Version 12.00
# Visual Studio Version 17
VisualStudioVersion = 17.10.34928.147
MinimumVisualStudioVersion = 10.0.40219.1
Project("{FAE04EC0-301F-11D3-BF4B-00C04F79EFBC}") = "Save-PowerPoint-document", "Save-PowerPoint-document\Save-PowerPoint-document.csproj", "{7C3E123E-767B-4F17-94AA-0145AD1432DC}"
EndProject
Global
	GlobalSection(SolutionConfigurationPlatforms) = preSolution
		Debug|Any CPU = Debug|Any CPU
		Release|Any CPU = Release|Any CPU
	EndGlobalSection
	GlobalSection(ProjectConfigurationPlatforms) = postSolution
		{7C3E123E-767B-4F17-94AA-0145AD1432DC}.Debug|Any CPU.ActiveCfg = Debug|Any CPU
		{7C3E123E-767B-4F17-94AA-0145AD1432DC}.Debug|Any CPU.Build.0 = Debug|Any CPU
		{7C3E123E-767B-4F17-94AA-0145AD1432DC}.Release|Any CPU.ActiveCfg = Release|Any CPU
		{7C3E123E-767B-4F17-94AA-0145AD1432DC}.Release|Any CPU.Build.0 = Release|Any CPU
	EndGlobalSection
	GlobalSection(SolutionProperties) = preSolution
		HideSolutionNode = FALSE
	EndGlobalSection
	GlobalSection(ExtensibilityGlobals) = postSolution
		SolutionGuid = {87C3E760-0E60-4AD1-8CBA-EAD057797CE7}
	EndGlobalSection
EndGlobal
