
Microsoft Visual Studio Solution File, Format Version 12.00
# Visual Studio Version 17
VisualStudioVersion = 17.6.33723.286
MinimumVisualStudioVersion = 10.0.40219.1
Project("{FAE04EC0-301F-11D3-BF4B-00C04F79EFBC}") = "PPTXtoImage", "PPTXtoImage\PPTXtoImage.csproj", "{45187A73-05F8-4B62-A94B-BCE313AFBEA8}"
EndProject
Global
	GlobalSection(SolutionConfigurationPlatforms) = preSolution
		Debug|Any CPU = Debug|Any CPU
		Release|Any CPU = Release|Any CPU
	EndGlobalSection
	GlobalSection(ProjectConfigurationPlatforms) = postSolution
		{45187A73-05F8-4B62-A94B-BCE313AFBEA8}.Debug|Any CPU.ActiveCfg = Debug|Any CPU
		{45187A73-05F8-4B62-A94B-BCE313AFBEA8}.Debug|Any CPU.Build.0 = Debug|Any CPU
		{45187A73-05F8-4B62-A94B-BCE313AFBEA8}.Release|Any CPU.ActiveCfg = Release|Any CPU
		{45187A73-05F8-4B62-A94B-BCE313AFBEA8}.Release|Any CPU.Build.0 = Release|Any CPU
	EndGlobalSection
	GlobalSection(SolutionProperties) = preSolution
		HideSolutionNode = FALSE
	EndGlobalSection
	GlobalSection(ExtensibilityGlobals) = postSolution
		SolutionGuid = {C4DB61CD-FF82-41BC-B190-7593D3246E3C}
	EndGlobalSection
EndGlobal
