
Microsoft Visual Studio Solution File, Format Version 12.00
# Visual Studio Version 17
VisualStudioVersion = 17.5.33414.496
MinimumVisualStudioVersion = 10.0.40219.1
Project("{FAE04EC0-301F-11D3-BF4B-00C04F79EFBC}") = "Convert-PPTX-to-image", "Convert-PPTX-to-image\Convert-PPTX-to-image.csproj", "{65ACA8DE-9F88-45D7-B31D-0A3F7322A94F}"
EndProject
Global
	GlobalSection(SolutionConfigurationPlatforms) = preSolution
		Debug|Any CPU = Debug|Any CPU
		Release|Any CPU = Release|Any CPU
	EndGlobalSection
	GlobalSection(ProjectConfigurationPlatforms) = postSolution
		{65ACA8DE-9F88-45D7-B31D-0A3F7322A94F}.Debug|Any CPU.ActiveCfg = Debug|Any CPU
		{65ACA8DE-9F88-45D7-B31D-0A3F7322A94F}.Debug|Any CPU.Build.0 = Debug|Any CPU
		{65ACA8DE-9F88-45D7-B31D-0A3F7322A94F}.Release|Any CPU.ActiveCfg = Release|Any CPU
		{65ACA8DE-9F88-45D7-B31D-0A3F7322A94F}.Release|Any CPU.Build.0 = Release|Any CPU
	EndGlobalSection
	GlobalSection(SolutionProperties) = preSolution
		HideSolutionNode = FALSE
	EndGlobalSection
	GlobalSection(ExtensibilityGlobals) = postSolution
		SolutionGuid = {BEB2021E-08F9-4B20-9BF8-C31684E2DC8C}
	EndGlobalSection
EndGlobal
