
Microsoft Visual Studio Solution File, Format Version 12.00
# Visual Studio Version 17
VisualStudioVersion = 17.10.34928.147
MinimumVisualStudioVersion = 10.0.40219.1
Project("{FAE04EC0-301F-11D3-BF4B-00C04F79EFBC}") = "Convert-PowerPoint-to-Image", "Convert-PowerPoint-to-Image\Convert-PowerPoint-to-Image.csproj", "{6FC4ED08-38A1-4914-9320-38974C6AEA3A}"
EndProject
Global
	GlobalSection(SolutionConfigurationPlatforms) = preSolution
		Debug|Any CPU = Debug|Any CPU
		Release|Any CPU = Release|Any CPU
	EndGlobalSection
	GlobalSection(ProjectConfigurationPlatforms) = postSolution
		{6FC4ED08-38A1-4914-9320-38974C6AEA3A}.Debug|Any CPU.ActiveCfg = Debug|Any CPU
		{6FC4ED08-38A1-4914-9320-38974C6AEA3A}.Debug|Any CPU.Build.0 = Debug|Any CPU
		{6FC4ED08-38A1-4914-9320-38974C6AEA3A}.Debug|Any CPU.Deploy.0 = Debug|Any CPU
		{6FC4ED08-38A1-4914-9320-38974C6AEA3A}.Release|Any CPU.ActiveCfg = Release|Any CPU
		{6FC4ED08-38A1-4914-9320-38974C6AEA3A}.Release|Any CPU.Build.0 = Release|Any CPU
		{6FC4ED08-38A1-4914-9320-38974C6AEA3A}.Release|Any CPU.Deploy.0 = Release|Any CPU
	EndGlobalSection
	GlobalSection(SolutionProperties) = preSolution
		HideSolutionNode = FALSE
	EndGlobalSection
	GlobalSection(ExtensibilityGlobals) = postSolution
		SolutionGuid = {5007E604-0B63-4F06-BC22-80248B7D73C6}
	EndGlobalSection
EndGlobal
