
Microsoft Visual Studio Solution File, Format Version 12.00
# Visual Studio Version 17
VisualStudioVersion = 17.6.33723.286
MinimumVisualStudioVersion = 10.0.40219.1
Project("{FAE04EC0-301F-11D3-BF4B-00C04F79EFBC}") = "PowerPoint-Presentation-to-PDF", "PowerPoint-Presentation-to-PDF\PowerPoint-Presentation-to-PDF.csproj", "{11FB53F1-5CF7-4A89-A9FF-B934D1804823}"
EndProject
Global
	GlobalSection(SolutionConfigurationPlatforms) = preSolution
		Debug|Any CPU = Debug|Any CPU
		Release|Any CPU = Release|Any CPU
	EndGlobalSection
	GlobalSection(ProjectConfigurationPlatforms) = postSolution
		{11FB53F1-5CF7-4A89-A9FF-B934D1804823}.Debug|Any CPU.ActiveCfg = Debug|Any CPU
		{11FB53F1-5CF7-4A89-A9FF-B934D1804823}.Debug|Any CPU.Build.0 = Debug|Any CPU
		{11FB53F1-5CF7-4A89-A9FF-B934D1804823}.Release|Any CPU.ActiveCfg = Release|Any CPU
		{11FB53F1-5CF7-4A89-A9FF-B934D1804823}.Release|Any CPU.Build.0 = Release|Any CPU
	EndGlobalSection
	GlobalSection(SolutionProperties) = preSolution
		HideSolutionNode = FALSE
	EndGlobalSection
	GlobalSection(ExtensibilityGlobals) = postSolution
		SolutionGuid = {8EBD1007-E0D0-4A95-A634-AF63E27E4046}
	EndGlobalSection
EndGlobal
