
Microsoft Visual Studio Solution File, Format Version 12.00
# Visual Studio Version 17
VisualStudioVersion = 17.8.34322.80
MinimumVisualStudioVersion = 10.0.40219.1
Project("{FAE04EC0-301F-11D3-BF4B-00C04F79EFBC}") = "Change-all-font-names", "Change-all-font-names\Change-all-font-names.csproj", "{8C484931-32AF-4CA9-B9C6-4C8BD15A20E7}"
EndProject
Global
	GlobalSection(SolutionConfigurationPlatforms) = preSolution
		Debug|Any CPU = Debug|Any CPU
		Release|Any CPU = Release|Any CPU
	EndGlobalSection
	GlobalSection(ProjectConfigurationPlatforms) = postSolution
		{8C484931-32AF-4CA9-B9C6-4C8BD15A20E7}.Debug|Any CPU.ActiveCfg = Debug|Any CPU
		{8C484931-32AF-4CA9-B9C6-4C8BD15A20E7}.Debug|Any CPU.Build.0 = Debug|Any CPU
		{8C484931-32AF-4CA9-B9C6-4C8BD15A20E7}.Release|Any CPU.ActiveCfg = Release|Any CPU
		{8C484931-32AF-4CA9-B9C6-4C8BD15A20E7}.Release|Any CPU.Build.0 = Release|Any CPU
	EndGlobalSection
	GlobalSection(SolutionProperties) = preSolution
		HideSolutionNode = FALSE
	EndGlobalSection
	GlobalSection(ExtensibilityGlobals) = postSolution
		SolutionGuid = {23147F20-9442-4EF2-9575-19C5282F31FF}
	EndGlobalSection
EndGlobal
