
Microsoft Visual Studio Solution File, Format Version 12.00
# Visual Studio Version 17
VisualStudioVersion = 17.14.37203.1 d17.14
MinimumVisualStudioVersion = 10.0.40219.1
Project("{FAE04EC0-301F-11D3-BF4B-00C04F79EFBC}") = "Convert-PowerPoint-Presentation-to-PDF", "Convert-PowerPoint-Presentation-to-PDF\Convert-PowerPoint-Presentation-to-PDF.csproj", "{B38D2B86-2F41-4B81-8F12-6692A17A7B0E}"
EndProject
Global
	GlobalSection(SolutionConfigurationPlatforms) = preSolution
		Debug|Any CPU = Debug|Any CPU
		Release|Any CPU = Release|Any CPU
	EndGlobalSection
	GlobalSection(ProjectConfigurationPlatforms) = postSolution
		{B38D2B86-2F41-4B81-8F12-6692A17A7B0E}.Debug|Any CPU.ActiveCfg = Debug|Any CPU
		{B38D2B86-2F41-4B81-8F12-6692A17A7B0E}.Debug|Any CPU.Build.0 = Debug|Any CPU
		{B38D2B86-2F41-4B81-8F12-6692A17A7B0E}.Release|Any CPU.ActiveCfg = Release|Any CPU
		{B38D2B86-2F41-4B81-8F12-6692A17A7B0E}.Release|Any CPU.Build.0 = Release|Any CPU
	EndGlobalSection
	GlobalSection(SolutionProperties) = preSolution
		HideSolutionNode = FALSE
	EndGlobalSection
	GlobalSection(ExtensibilityGlobals) = postSolution
		SolutionGuid = {1BDBABCC-3082-4258-91A8-107F67C9B3F4}
	EndGlobalSection
EndGlobal
