
Microsoft Visual Studio Solution File, Format Version 12.00
# Visual Studio Version 17
VisualStudioVersion = 17.12.35707.178 d17.12
MinimumVisualStudioVersion = 10.0.40219.1
Project("{FAE04EC0-301F-11D3-BF4B-00C04F79EFBC}") = "Animate-textbox-shape-image", "Animate-textbox-shape-image\Animate-textbox-shape-image.csproj", "{EDC9B890-A25A-4E92-A9F8-B82F4C6C4CFE}"
EndProject
Global
	GlobalSection(SolutionConfigurationPlatforms) = preSolution
		Debug|Any CPU = Debug|Any CPU
		Release|Any CPU = Release|Any CPU
	EndGlobalSection
	GlobalSection(ProjectConfigurationPlatforms) = postSolution
		{EDC9B890-A25A-4E92-A9F8-B82F4C6C4CFE}.Debug|Any CPU.ActiveCfg = Debug|Any CPU
		{EDC9B890-A25A-4E92-A9F8-B82F4C6C4CFE}.Debug|Any CPU.Build.0 = Debug|Any CPU
		{EDC9B890-A25A-4E92-A9F8-B82F4C6C4CFE}.Release|Any CPU.ActiveCfg = Release|Any CPU
		{EDC9B890-A25A-4E92-A9F8-B82F4C6C4CFE}.Release|Any CPU.Build.0 = Release|Any CPU
	EndGlobalSection
	GlobalSection(SolutionProperties) = preSolution
		HideSolutionNode = FALSE
	EndGlobalSection
EndGlobal
