
Microsoft Visual Studio Solution File, Format Version 12.00
# Visual Studio Version 17
VisualStudioVersion = 17.14.37301.10 d17.14
MinimumVisualStudioVersion = 10.0.40219.1
Project("{FAE04EC0-301F-11D3-BF4B-00C04F79EFBC}") = "Convert-Presentation-to-Markdown", "Convert-Presentation-to-Markdown\Convert-Presentation-to-Markdown.csproj", "{C280950F-91E6-9CA4-EA42-80D2A16BE880}"
EndProject
Global
	GlobalSection(SolutionConfigurationPlatforms) = preSolution
		Debug|Any CPU = Debug|Any CPU
		Release|Any CPU = Release|Any CPU
	EndGlobalSection
	GlobalSection(ProjectConfigurationPlatforms) = postSolution
		{C280950F-91E6-9CA4-EA42-80D2A16BE880}.Debug|Any CPU.ActiveCfg = Debug|Any CPU
		{C280950F-91E6-9CA4-EA42-80D2A16BE880}.Debug|Any CPU.Build.0 = Debug|Any CPU
		{C280950F-91E6-9CA4-EA42-80D2A16BE880}.Release|Any CPU.ActiveCfg = Release|Any CPU
		{C280950F-91E6-9CA4-EA42-80D2A16BE880}.Release|Any CPU.Build.0 = Release|Any CPU
	EndGlobalSection
	GlobalSection(SolutionProperties) = preSolution
		HideSolutionNode = FALSE
	EndGlobalSection
	GlobalSection(ExtensibilityGlobals) = postSolution
		SolutionGuid = {3DFDC2F4-0C28-49EA-869A-9C6A6BB898D1}
	EndGlobalSection
EndGlobal
