
Microsoft Visual Studio Solution File, Format Version 12.00
# Visual Studio Version 17
VisualStudioVersion = 17.4.33213.308
MinimumVisualStudioVersion = 10.0.40219.1
Project("{FAE04EC0-301F-11D3-BF4B-00C04F79EFBC}") = "Remove-legend", "Remove-legend\Remove-legend.csproj", "{67DDAA79-AB2C-4797-B701-E0158F044AEA}"
EndProject
Global
	GlobalSection(SolutionConfigurationPlatforms) = preSolution
		Debug|Any CPU = Debug|Any CPU
		Release|Any CPU = Release|Any CPU
	EndGlobalSection
	GlobalSection(ProjectConfigurationPlatforms) = postSolution
		{67DDAA79-AB2C-4797-B701-E0158F044AEA}.Debug|Any CPU.ActiveCfg = Debug|Any CPU
		{67DDAA79-AB2C-4797-B701-E0158F044AEA}.Debug|Any CPU.Build.0 = Debug|Any CPU
		{67DDAA79-AB2C-4797-B701-E0158F044AEA}.Release|Any CPU.ActiveCfg = Release|Any CPU
		{67DDAA79-AB2C-4797-B701-E0158F044AEA}.Release|Any CPU.Build.0 = Release|Any CPU
	EndGlobalSection
	GlobalSection(SolutionProperties) = preSolution
		HideSolutionNode = FALSE
	EndGlobalSection
	GlobalSection(ExtensibilityGlobals) = postSolution
		SolutionGuid = {5F089B31-D530-4AA6-8C24-542E365E3C11}
	EndGlobalSection
EndGlobal
