
Microsoft Visual Studio Solution File, Format Version 12.00
# Visual Studio Version 17
VisualStudioVersion = 17.6.33723.286
MinimumVisualStudioVersion = 10.0.40219.1
Project("{FAE04EC0-301F-11D3-BF4B-00C04F79EFBC}") = "Open-and-Save-PowerPoint-Presentation", "Open-and-Save-PowerPoint-Presentation\Open-and-Save-PowerPoint-Presentation.csproj", "{DB99BBF4-D1BA-4079-98C7-87B9098AD1EC}"
EndProject
Global
	GlobalSection(SolutionConfigurationPlatforms) = preSolution
		Debug|Any CPU = Debug|Any CPU
		Release|Any CPU = Release|Any CPU
	EndGlobalSection
	GlobalSection(ProjectConfigurationPlatforms) = postSolution
		{DB99BBF4-D1BA-4079-98C7-87B9098AD1EC}.Debug|Any CPU.ActiveCfg = Debug|Any CPU
		{DB99BBF4-D1BA-4079-98C7-87B9098AD1EC}.Debug|Any CPU.Build.0 = Debug|Any CPU
		{DB99BBF4-D1BA-4079-98C7-87B9098AD1EC}.Release|Any CPU.ActiveCfg = Release|Any CPU
		{DB99BBF4-D1BA-4079-98C7-87B9098AD1EC}.Release|Any CPU.Build.0 = Release|Any CPU
	EndGlobalSection
	GlobalSection(SolutionProperties) = preSolution
		HideSolutionNode = FALSE
	EndGlobalSection
	GlobalSection(ExtensibilityGlobals) = postSolution
		SolutionGuid = {75A415CA-9FD8-4BAD-9508-73F29D9ED636}
	EndGlobalSection
EndGlobal
