
Microsoft Visual Studio Solution File, Format Version 12.00
# Visual Studio Version 17
VisualStudioVersion = 17.6.33723.286
MinimumVisualStudioVersion = 10.0.40219.1
Project("{FAE04EC0-301F-11D3-BF4B-00C04F79EFBC}") = "Convert-PowerPoint-Presentation-to-PDF", "Convert-PowerPoint-Presentation-to-PDF\Convert-PowerPoint-Presentation-to-PDF.csproj", "{3200DDBF-0158-4AEA-B264-B52F011F44C5}"
EndProject
Global
	GlobalSection(SolutionConfigurationPlatforms) = preSolution
		Debug|Any CPU = Debug|Any CPU
		Release|Any CPU = Release|Any CPU
	EndGlobalSection
	GlobalSection(ProjectConfigurationPlatforms) = postSolution
		{3200DDBF-0158-4AEA-B264-B52F011F44C5}.Debug|Any CPU.ActiveCfg = Debug|Any CPU
		{3200DDBF-0158-4AEA-B264-B52F011F44C5}.Debug|Any CPU.Build.0 = Debug|Any CPU
		{3200DDBF-0158-4AEA-B264-B52F011F44C5}.Release|Any CPU.ActiveCfg = Release|Any CPU
		{3200DDBF-0158-4AEA-B264-B52F011F44C5}.Release|Any CPU.Build.0 = Release|Any CPU
	EndGlobalSection
	GlobalSection(SolutionProperties) = preSolution
		HideSolutionNode = FALSE
	EndGlobalSection
	GlobalSection(ExtensibilityGlobals) = postSolution
		SolutionGuid = {BF862A55-E33B-4C04-8EC2-AE231ADEDCA1}
	EndGlobalSection
EndGlobal
