
Microsoft Visual Studio Solution File, Format Version 12.00
# Visual Studio Version 17
VisualStudioVersion = 17.10.34928.147
MinimumVisualStudioVersion = 10.0.40219.1
Project("{FAE04EC0-301F-11D3-BF4B-00C04F79EFBC}") = "Convert-PowerPoint-Presentation-to-PDF", "Convert-PowerPoint-Presentation-to-PDF\Convert-PowerPoint-Presentation-to-PDF.csproj", "{DD7CDD7E-E2AD-4BFC-825F-D486204D305E}"
EndProject
Global
	GlobalSection(SolutionConfigurationPlatforms) = preSolution
		Debug|Any CPU = Debug|Any CPU
		Release|Any CPU = Release|Any CPU
	EndGlobalSection
	GlobalSection(ProjectConfigurationPlatforms) = postSolution
		{DD7CDD7E-E2AD-4BFC-825F-D486204D305E}.Debug|Any CPU.ActiveCfg = Debug|Any CPU
		{DD7CDD7E-E2AD-4BFC-825F-D486204D305E}.Debug|Any CPU.Build.0 = Debug|Any CPU
		{DD7CDD7E-E2AD-4BFC-825F-D486204D305E}.Release|Any CPU.ActiveCfg = Release|Any CPU
		{DD7CDD7E-E2AD-4BFC-825F-D486204D305E}.Release|Any CPU.Build.0 = Release|Any CPU
	EndGlobalSection
	GlobalSection(SolutionProperties) = preSolution
		HideSolutionNode = FALSE
	EndGlobalSection
	GlobalSection(ExtensibilityGlobals) = postSolution
		SolutionGuid = {A144CF0E-09F9-4D91-825B-7B3D29F4820C}
	EndGlobalSection
EndGlobal
