
Microsoft Visual Studio Solution File, Format Version 12.00
# Visual Studio Version 17
VisualStudioVersion = 17.14.36518.9 d17.14
MinimumVisualStudioVersion = 10.0.40219.1
Project("{FAE04EC0-301F-11D3-BF4B-00C04F79EFBC}") = "Create-PowerPoint-presentation", "Create-PowerPoint-presentation\Create-PowerPoint-presentation.csproj", "{1A737F44-9604-40C4-A527-30B663D0FA37}"
EndProject
Global
	GlobalSection(SolutionConfigurationPlatforms) = preSolution
		Debug|Any CPU = Debug|Any CPU
		Release|Any CPU = Release|Any CPU
	EndGlobalSection
	GlobalSection(ProjectConfigurationPlatforms) = postSolution
		{1A737F44-9604-40C4-A527-30B663D0FA37}.Debug|Any CPU.ActiveCfg = Debug|Any CPU
		{1A737F44-9604-40C4-A527-30B663D0FA37}.Debug|Any CPU.Build.0 = Debug|Any CPU
		{1A737F44-9604-40C4-A527-30B663D0FA37}.Release|Any CPU.ActiveCfg = Release|Any CPU
		{1A737F44-9604-40C4-A527-30B663D0FA37}.Release|Any CPU.Build.0 = Release|Any CPU
	EndGlobalSection
	GlobalSection(SolutionProperties) = preSolution
		HideSolutionNode = FALSE
	EndGlobalSection
	GlobalSection(ExtensibilityGlobals) = postSolution
		SolutionGuid = {1D3ECA1D-FB7A-4F0C-BD0B-0124FAF07A58}
	EndGlobalSection
EndGlobal
