
Microsoft Visual Studio Solution File, Format Version 12.00
# Visual Studio Version 17
VisualStudioVersion = 17.14.36518.9 d17.14
MinimumVisualStudioVersion = 10.0.40219.1
Project("{FAE04EC0-301F-11D3-BF4B-00C04F79EFBC}") = "Open-and-save-PowerPoint", "Open-and-save-PowerPoint\Open-and-save-PowerPoint.csproj", "{F5EA6E9F-69CF-41E4-99ED-4378372FD38E}"
EndProject
Global
	GlobalSection(SolutionConfigurationPlatforms) = preSolution
		Debug|Any CPU = Debug|Any CPU
		Release|Any CPU = Release|Any CPU
	EndGlobalSection
	GlobalSection(ProjectConfigurationPlatforms) = postSolution
		{F5EA6E9F-69CF-41E4-99ED-4378372FD38E}.Debug|Any CPU.ActiveCfg = Debug|Any CPU
		{F5EA6E9F-69CF-41E4-99ED-4378372FD38E}.Debug|Any CPU.Build.0 = Debug|Any CPU
		{F5EA6E9F-69CF-41E4-99ED-4378372FD38E}.Release|Any CPU.ActiveCfg = Release|Any CPU
		{F5EA6E9F-69CF-41E4-99ED-4378372FD38E}.Release|Any CPU.Build.0 = Release|Any CPU
	EndGlobalSection
	GlobalSection(SolutionProperties) = preSolution
		HideSolutionNode = FALSE
	EndGlobalSection
	GlobalSection(ExtensibilityGlobals) = postSolution
		SolutionGuid = {74C2F124-C06D-46D3-AEAD-8D232B6AEBDA}
	EndGlobalSection
EndGlobal
