
Microsoft Visual Studio Solution File, Format Version 12.00
# Visual Studio Version 17
VisualStudioVersion = 17.4.33205.214
MinimumVisualStudioVersion = 10.0.40219.1
Project("{FAE04EC0-301F-11D3-BF4B-00C04F79EFBC}") = "Convert-with-UWP-cancellation-token", "Convert-with-UWP-cancellation-token\Convert-with-UWP-cancellation-token.csproj", "{A80D2F7D-EB80-41C1-AC36-DE557320549F}"
EndProject
Global
	GlobalSection(SolutionConfigurationPlatforms) = preSolution
		Debug|ARM = Debug|ARM
		Debug|ARM64 = Debug|ARM64
		Debug|x64 = Debug|x64
		Debug|x86 = Debug|x86
		Release|ARM = Release|ARM
		Release|ARM64 = Release|ARM64
		Release|x64 = Release|x64
		Release|x86 = Release|x86
	EndGlobalSection
	GlobalSection(ProjectConfigurationPlatforms) = postSolution
		{A80D2F7D-EB80-41C1-AC36-DE557320549F}.Debug|ARM.ActiveCfg = Debug|ARM
		{A80D2F7D-EB80-41C1-AC36-DE557320549F}.Debug|ARM.Build.0 = Debug|ARM
		{A80D2F7D-EB80-41C1-AC36-DE557320549F}.Debug|ARM.Deploy.0 = Debug|ARM
		{A80D2F7D-EB80-41C1-AC36-DE557320549F}.Debug|ARM64.ActiveCfg = Debug|ARM64
		{A80D2F7D-EB80-41C1-AC36-DE557320549F}.Debug|ARM64.Build.0 = Debug|ARM64
		{A80D2F7D-EB80-41C1-AC36-DE557320549F}.Debug|ARM64.Deploy.0 = Debug|ARM64
		{A80D2F7D-EB80-41C1-AC36-DE557320549F}.Debug|x64.ActiveCfg = Debug|x64
		{A80D2F7D-EB80-41C1-AC36-DE557320549F}.Debug|x64.Build.0 = Debug|x64
		{A80D2F7D-EB80-41C1-AC36-DE557320549F}.Debug|x64.Deploy.0 = Debug|x64
		{A80D2F7D-EB80-41C1-AC36-DE557320549F}.Debug|x86.ActiveCfg = Debug|x86
		{A80D2F7D-EB80-41C1-AC36-DE557320549F}.Debug|x86.Build.0 = Debug|x86
		{A80D2F7D-EB80-41C1-AC36-DE557320549F}.Debug|x86.Deploy.0 = Debug|x86
		{A80D2F7D-EB80-41C1-AC36-DE557320549F}.Release|ARM.ActiveCfg = Release|ARM
		{A80D2F7D-EB80-41C1-AC36-DE557320549F}.Release|ARM.Build.0 = Release|ARM
		{A80D2F7D-EB80-41C1-AC36-DE557320549F}.Release|ARM.Deploy.0 = Release|ARM
		{A80D2F7D-EB80-41C1-AC36-DE557320549F}.Release|ARM64.ActiveCfg = Release|ARM64
		{A80D2F7D-EB80-41C1-AC36-DE557320549F}.Release|ARM64.Build.0 = Release|ARM64
		{A80D2F7D-EB80-41C1-AC36-DE557320549F}.Release|ARM64.Deploy.0 = Release|ARM64
		{A80D2F7D-EB80-41C1-AC36-DE557320549F}.Release|x64.ActiveCfg = Release|x64
		{A80D2F7D-EB80-41C1-AC36-DE557320549F}.Release|x64.Build.0 = Release|x64
		{A80D2F7D-EB80-41C1-AC36-DE557320549F}.Release|x64.Deploy.0 = Release|x64
		{A80D2F7D-EB80-41C1-AC36-DE557320549F}.Release|x86.ActiveCfg = Release|x86
		{A80D2F7D-EB80-41C1-AC36-DE557320549F}.Release|x86.Build.0 = Release|x86
		{A80D2F7D-EB80-41C1-AC36-DE557320549F}.Release|x86.Deploy.0 = Release|x86
	EndGlobalSection
	GlobalSection(SolutionProperties) = preSolution
		HideSolutionNode = FALSE
	EndGlobalSection
	GlobalSection(ExtensibilityGlobals) = postSolution
		SolutionGuid = {0682BDFE-DAB6-4760-9CCB-A6430BF2EC21}
	EndGlobalSection
EndGlobal
