
Microsoft Visual Studio Solution File, Format Version 12.00
# Visual Studio Version 17
VisualStudioVersion = 17.4.33110.190
MinimumVisualStudioVersion = 10.0.40219.1
Project("{FAE04EC0-301F-11D3-BF4B-00C04F79EFBC}") = "Send-PowerPoint-to-client-browser", "Send-PowerPoint-to-client-browser\Send-PowerPoint-to-client-browser.csproj", "{AD4C6DDA-7DBA-41CF-A80E-B97F368CCF2D}"
EndProject
Global
	GlobalSection(SolutionConfigurationPlatforms) = preSolution
		Debug|Any CPU = Debug|Any CPU
		Release|Any CPU = Release|Any CPU
	EndGlobalSection
	GlobalSection(ProjectConfigurationPlatforms) = postSolution
		{AD4C6DDA-7DBA-41CF-A80E-B97F368CCF2D}.Debug|Any CPU.ActiveCfg = Debug|Any CPU
		{AD4C6DDA-7DBA-41CF-A80E-B97F368CCF2D}.Debug|Any CPU.Build.0 = Debug|Any CPU
		{AD4C6DDA-7DBA-41CF-A80E-B97F368CCF2D}.Release|Any CPU.ActiveCfg = Release|Any CPU
		{AD4C6DDA-7DBA-41CF-A80E-B97F368CCF2D}.Release|Any CPU.Build.0 = Release|Any CPU
	EndGlobalSection
	GlobalSection(SolutionProperties) = preSolution
		HideSolutionNode = FALSE
	EndGlobalSection
	GlobalSection(ExtensibilityGlobals) = postSolution
		SolutionGuid = {FBBA6BEE-476E-4B34-8F7E-38EE9AD7B0A8}
	EndGlobalSection
EndGlobal
