
Microsoft Visual Studio Solution File, Format Version 12.00
# Visual Studio Version 17
VisualStudioVersion = 17.14.37516.0 d17.14
MinimumVisualStudioVersion = 10.0.40219.1
Project("{FAE04EC0-301F-11D3-BF4B-00C04F79EFBC}") = "Convert-PPTX-to-Markdown", "Convert-PPTX-to-Markdown\Convert-PPTX-to-Markdown.csproj", "{AD3814FD-74A5-67E5-D9C2-3E081499F0E5}"
EndProject
Global
	GlobalSection(SolutionConfigurationPlatforms) = preSolution
		Debug|Any CPU = Debug|Any CPU
		Release|Any CPU = Release|Any CPU
	EndGlobalSection
	GlobalSection(ProjectConfigurationPlatforms) = postSolution
		{AD3814FD-74A5-67E5-D9C2-3E081499F0E5}.Debug|Any CPU.ActiveCfg = Debug|Any CPU
		{AD3814FD-74A5-67E5-D9C2-3E081499F0E5}.Debug|Any CPU.Build.0 = Debug|Any CPU
		{AD3814FD-74A5-67E5-D9C2-3E081499F0E5}.Release|Any CPU.ActiveCfg = Release|Any CPU
		{AD3814FD-74A5-67E5-D9C2-3E081499F0E5}.Release|Any CPU.Build.0 = Release|Any CPU
	EndGlobalSection
	GlobalSection(SolutionProperties) = preSolution
		HideSolutionNode = FALSE
	EndGlobalSection
	GlobalSection(ExtensibilityGlobals) = postSolution
		SolutionGuid = {1290B141-2CB5-4195-99EF-1A20748B27B5}
	EndGlobalSection
EndGlobal
