
Microsoft Visual Studio Solution File, Format Version 12.00
# Visual Studio Version 17
VisualStudioVersion = 17.10.34928.147
MinimumVisualStudioVersion = 10.0.40219.1
Project("{FAE04EC0-301F-11D3-BF4B-00C04F79EFBC}") = "Open-PowerPoint-document", "Open-PowerPoint-document\Open-PowerPoint-document.csproj", "{32919A84-EEB2-44C9-90B0-6DE05C353817}"
EndProject
Global
	GlobalSection(SolutionConfigurationPlatforms) = preSolution
		Debug|Any CPU = Debug|Any CPU
		Release|Any CPU = Release|Any CPU
	EndGlobalSection
	GlobalSection(ProjectConfigurationPlatforms) = postSolution
		{32919A84-EEB2-44C9-90B0-6DE05C353817}.Debug|Any CPU.ActiveCfg = Debug|Any CPU
		{32919A84-EEB2-44C9-90B0-6DE05C353817}.Debug|Any CPU.Build.0 = Debug|Any CPU
		{32919A84-EEB2-44C9-90B0-6DE05C353817}.Release|Any CPU.ActiveCfg = Release|Any CPU
		{32919A84-EEB2-44C9-90B0-6DE05C353817}.Release|Any CPU.Build.0 = Release|Any CPU
	EndGlobalSection
	GlobalSection(SolutionProperties) = preSolution
		HideSolutionNode = FALSE
	EndGlobalSection
	GlobalSection(ExtensibilityGlobals) = postSolution
		SolutionGuid = {2F668BAA-6807-4025-AD13-15BD76F34901}
	EndGlobalSection
EndGlobal
