
Microsoft Visual Studio Solution File, Format Version 12.00
# Visual Studio Version 17
VisualStudioVersion = 17.10.34928.147
MinimumVisualStudioVersion = 10.0.40219.1
Project("{FAE04EC0-301F-11D3-BF4B-00C04F79EFBC}") = "Convert-PowerPoint-Presentation-to-PDF", "Convert-PowerPoint-Presentation-to-PDF\Convert-PowerPoint-Presentation-to-PDF.csproj", "{B94B46BE-166E-4B17-9F14-F67F74CBB24E}"
EndProject
Global
	GlobalSection(SolutionConfigurationPlatforms) = preSolution
		Debug|Any CPU = Debug|Any CPU
		Release|Any CPU = Release|Any CPU
	EndGlobalSection
	GlobalSection(ProjectConfigurationPlatforms) = postSolution
		{B94B46BE-166E-4B17-9F14-F67F74CBB24E}.Debug|Any CPU.ActiveCfg = Debug|Any CPU
		{B94B46BE-166E-4B17-9F14-F67F74CBB24E}.Debug|Any CPU.Build.0 = Debug|Any CPU
		{B94B46BE-166E-4B17-9F14-F67F74CBB24E}.Debug|Any CPU.Deploy.0 = Debug|Any CPU
		{B94B46BE-166E-4B17-9F14-F67F74CBB24E}.Release|Any CPU.ActiveCfg = Release|Any CPU
		{B94B46BE-166E-4B17-9F14-F67F74CBB24E}.Release|Any CPU.Build.0 = Release|Any CPU
		{B94B46BE-166E-4B17-9F14-F67F74CBB24E}.Release|Any CPU.Deploy.0 = Release|Any CPU
	EndGlobalSection
	GlobalSection(SolutionProperties) = preSolution
		HideSolutionNode = FALSE
	EndGlobalSection
	GlobalSection(ExtensibilityGlobals) = postSolution
		SolutionGuid = {368BCEC6-9301-4C6E-A49F-F81D0D968F49}
	EndGlobalSection
EndGlobal
