
Microsoft Visual Studio Solution File, Format Version 12.00
# Visual Studio Version 17
VisualStudioVersion = 17.6.33723.286
MinimumVisualStudioVersion = 10.0.40219.1
Project("{FAE04EC0-301F-11D3-BF4B-00C04F79EFBC}") = "Open-and-Save-PPTX", "Open-and-Save-PPTX\Open-and-Save-PPTX.csproj", "{962EDD4F-CDAF-4289-BF82-019F394C8E6C}"
EndProject
Global
	GlobalSection(SolutionConfigurationPlatforms) = preSolution
		Debug|Any CPU = Debug|Any CPU
		Release|Any CPU = Release|Any CPU
	EndGlobalSection
	GlobalSection(ProjectConfigurationPlatforms) = postSolution
		{962EDD4F-CDAF-4289-BF82-019F394C8E6C}.Debug|Any CPU.ActiveCfg = Debug|Any CPU
		{962EDD4F-CDAF-4289-BF82-019F394C8E6C}.Debug|Any CPU.Build.0 = Debug|Any CPU
		{962EDD4F-CDAF-4289-BF82-019F394C8E6C}.Release|Any CPU.ActiveCfg = Release|Any CPU
		{962EDD4F-CDAF-4289-BF82-019F394C8E6C}.Release|Any CPU.Build.0 = Release|Any CPU
	EndGlobalSection
	GlobalSection(SolutionProperties) = preSolution
		HideSolutionNode = FALSE
	EndGlobalSection
	GlobalSection(ExtensibilityGlobals) = postSolution
		SolutionGuid = {30467E80-DE48-478E-A409-5E0CEF1968E7}
	EndGlobalSection
EndGlobal
