
Microsoft Visual Studio Solution File, Format Version 12.00
# Visual Studio Version 17
VisualStudioVersion = 17.4.33205.214
MinimumVisualStudioVersion = 10.0.40219.1
Project("{FAE04EC0-301F-11D3-BF4B-00C04F79EFBC}") = "Read-and-edit-PowerPoint-presentation.UWP", "Read-and-edit-PowerPoint-presentation\Read-and-edit-PowerPoint-presentation.UWP\Read-and-edit-PowerPoint-presentation.UWP.csproj", "{EE54FF8A-211A-415A-A9FE-B3CEA64C48DC}"
EndProject
Project("{FAE04EC0-301F-11D3-BF4B-00C04F79EFBC}") = "Read-and-edit-PowerPoint-presentation.Android", "Read-and-edit-PowerPoint-presentation\Read-and-edit-PowerPoint-presentation.Android\Read-and-edit-PowerPoint-presentation.Android.csproj", "{34397EFA-C2A1-48FC-842E-0C4369E6B6F2}"
EndProject
Project("{FAE04EC0-301F-11D3-BF4B-00C04F79EFBC}") = "Read-and-edit-PowerPoint-presentation.iOS", "Read-and-edit-PowerPoint-presentation\Read-and-edit-PowerPoint-presentation.iOS\Read-and-edit-PowerPoint-presentation.iOS.csproj", "{AB1443A4-DE1C-4B87-8945-9E1DD435AEB0}"
EndProject
Project("{FAE04EC0-301F-11D3-BF4B-00C04F79EFBC}") = "Read-and-edit-PowerPoint-presentation", "Read-and-edit-PowerPoint-presentation\Read-and-edit-PowerPoint-presentation\Read-and-edit-PowerPoint-presentation.csproj", "{353E8E19-B888-40B8-ABE5-E4EF0878EAFA}"
EndProject
Global
	GlobalSection(SolutionConfigurationPlatforms) = preSolution
		Debug|Any CPU = Debug|Any CPU
		Debug|ARM = Debug|ARM
		Debug|iPhone = Debug|iPhone
		Debug|iPhoneSimulator = Debug|iPhoneSimulator
		Debug|x64 = Debug|x64
		Debug|x86 = Debug|x86
		Release|Any CPU = Release|Any CPU
		Release|ARM = Release|ARM
		Release|iPhone = Release|iPhone
		Release|iPhoneSimulator = Release|iPhoneSimulator
		Release|x64 = Release|x64
		Release|x86 = Release|x86
	EndGlobalSection
	GlobalSection(ProjectConfigurationPlatforms) = postSolution
		{EE54FF8A-211A-415A-A9FE-B3CEA64C48DC}.Debug|Any CPU.ActiveCfg = Debug|x64
		{EE54FF8A-211A-415A-A9FE-B3CEA64C48DC}.Debug|Any CPU.Build.0 = Debug|x64
		{EE54FF8A-211A-415A-A9FE-B3CEA64C48DC}.Debug|Any CPU.Deploy.0 = Debug|x64
		{EE54FF8A-211A-415A-A9FE-B3CEA64C48DC}.Debug|ARM.ActiveCfg = Debug|ARM
		{EE54FF8A-211A-415A-A9FE-B3CEA64C48DC}.Debug|ARM.Build.0 = Debug|ARM
		{EE54FF8A-211A-415A-A9FE-B3CEA64C48DC}.Debug|ARM.Deploy.0 = Debug|ARM
		{EE54FF8A-211A-415A-A9FE-B3CEA64C48DC}.Debug|iPhone.ActiveCfg = Debug|x64
		{EE54FF8A-211A-415A-A9FE-B3CEA64C48DC}.Debug|iPhone.Build.0 = Debug|x64
		{EE54FF8A-211A-415A-A9FE-B3CEA64C48DC}.Debug|iPhone.Deploy.0 = Debug|x64
		{EE54FF8A-211A-415A-A9FE-B3CEA64C48DC}.Debug|iPhoneSimulator.ActiveCfg = Debug|x64
		{EE54FF8A-211A-415A-A9FE-B3CEA64C48DC}.Debug|iPhoneSimulator.Build.0 = Debug|x64
		{EE54FF8A-211A-415A-A9FE-B3CEA64C48DC}.Debug|iPhoneSimulator.Deploy.0 = Debug|x64
		{EE54FF8A-211A-415A-A9FE-B3CEA64C48DC}.Debug|x64.ActiveCfg = Debug|x64
		{EE54FF8A-211A-415A-A9FE-B3CEA64C48DC}.Debug|x64.Build.0 = Debug|x64
		{EE54FF8A-211A-415A-A9FE-B3CEA64C48DC}.Debug|x64.Deploy.0 = Debug|x64
		{EE54FF8A-211A-415A-A9FE-B3CEA64C48DC}.Debug|x86.ActiveCfg = Debug|x86
		{EE54FF8A-211A-415A-A9FE-B3CEA64C48DC}.Debug|x86.Build.0 = Debug|x86
		{EE54FF8A-211A-415A-A9FE-B3CEA64C48DC}.Debug|x86.Deploy.0 = Debug|x86
		{EE54FF8A-211A-415A-A9FE-B3CEA64C48DC}.Release|Any CPU.ActiveCfg = Release|x64
		{EE54FF8A-211A-415A-A9FE-B3CEA64C48DC}.Release|Any CPU.Build.0 = Release|x64
		{EE54FF8A-211A-415A-A9FE-B3CEA64C48DC}.Release|Any CPU.Deploy.0 = Release|x64
		{EE54FF8A-211A-415A-A9FE-B3CEA64C48DC}.Release|ARM.ActiveCfg = Release|ARM
		{EE54FF8A-211A-415A-A9FE-B3CEA64C48DC}.Release|ARM.Build.0 = Release|ARM
		{EE54FF8A-211A-415A-A9FE-B3CEA64C48DC}.Release|ARM.Deploy.0 = Release|ARM
		{EE54FF8A-211A-415A-A9FE-B3CEA64C48DC}.Release|iPhone.ActiveCfg = Release|x64
		{EE54FF8A-211A-415A-A9FE-B3CEA64C48DC}.Release|iPhone.Build.0 = Release|x64
		{EE54FF8A-211A-415A-A9FE-B3CEA64C48DC}.Release|iPhone.Deploy.0 = Release|x64
		{EE54FF8A-211A-415A-A9FE-B3CEA64C48DC}.Release|iPhoneSimulator.ActiveCfg = Release|x64
		{EE54FF8A-211A-415A-A9FE-B3CEA64C48DC}.Release|iPhoneSimulator.Build.0 = Release|x64
		{EE54FF8A-211A-415A-A9FE-B3CEA64C48DC}.Release|iPhoneSimulator.Deploy.0 = Release|x64
		{EE54FF8A-211A-415A-A9FE-B3CEA64C48DC}.Release|x64.ActiveCfg = Release|x64
		{EE54FF8A-211A-415A-A9FE-B3CEA64C48DC}.Release|x64.Build.0 = Release|x64
		{EE54FF8A-211A-415A-A9FE-B3CEA64C48DC}.Release|x64.Deploy.0 = Release|x64
		{EE54FF8A-211A-415A-A9FE-B3CEA64C48DC}.Release|x86.ActiveCfg = Release|x86
		{EE54FF8A-211A-415A-A9FE-B3CEA64C48DC}.Release|x86.Build.0 = Release|x86
		{EE54FF8A-211A-415A-A9FE-B3CEA64C48DC}.Release|x86.Deploy.0 = Release|x86
		{34397EFA-C2A1-48FC-842E-0C4369E6B6F2}.Debug|Any CPU.ActiveCfg = Debug|Any CPU
		{34397EFA-C2A1-48FC-842E-0C4369E6B6F2}.Debug|Any CPU.Build.0 = Debug|Any CPU
		{34397EFA-C2A1-48FC-842E-0C4369E6B6F2}.Debug|Any CPU.Deploy.0 = Debug|Any CPU
		{34397EFA-C2A1-48FC-842E-0C4369E6B6F2}.Debug|ARM.ActiveCfg = Debug|Any CPU
		{34397EFA-C2A1-48FC-842E-0C4369E6B6F2}.Debug|ARM.Build.0 = Debug|Any CPU
		{34397EFA-C2A1-48FC-842E-0C4369E6B6F2}.Debug|ARM.Deploy.0 = Debug|Any CPU
		{34397EFA-C2A1-48FC-842E-0C4369E6B6F2}.Debug|iPhone.ActiveCfg = Debug|Any CPU
		{34397EFA-C2A1-48FC-842E-0C4369E6B6F2}.Debug|iPhone.Build.0 = Debug|Any CPU
		{34397EFA-C2A1-48FC-842E-0C4369E6B6F2}.Debug|iPhone.Deploy.0 = Debug|Any CPU
		{34397EFA-C2A1-48FC-842E-0C4369E6B6F2}.Debug|iPhoneSimulator.ActiveCfg = Debug|Any CPU
		{34397EFA-C2A1-48FC-842E-0C4369E6B6F2}.Debug|iPhoneSimulator.Build.0 = Debug|Any CPU
		{34397EFA-C2A1-48FC-842E-0C4369E6B6F2}.Debug|iPhoneSimulator.Deploy.0 = Debug|Any CPU
		{34397EFA-C2A1-48FC-842E-0C4369E6B6F2}.Debug|x64.ActiveCfg = Debug|Any CPU
		{34397EFA-C2A1-48FC-842E-0C4369E6B6F2}.Debug|x64.Build.0 = Debug|Any CPU
		{34397EFA-C2A1-48FC-842E-0C4369E6B6F2}.Debug|x64.Deploy.0 = Debug|Any CPU
		{34397EFA-C2A1-48FC-842E-0C4369E6B6F2}.Debug|x86.ActiveCfg = Debug|Any CPU
		{34397EFA-C2A1-48FC-842E-0C4369E6B6F2}.Debug|x86.Build.0 = Debug|Any CPU
		{34397EFA-C2A1-48FC-842E-0C4369E6B6F2}.Debug|x86.Deploy.0 = Debug|Any CPU
		{34397EFA-C2A1-48FC-842E-0C4369E6B6F2}.Release|Any CPU.ActiveCfg = Release|Any CPU
		{34397EFA-C2A1-48FC-842E-0C4369E6B6F2}.Release|Any CPU.Build.0 = Release|Any CPU
		{34397EFA-C2A1-48FC-842E-0C4369E6B6F2}.Release|Any CPU.Deploy.0 = Release|Any CPU
		{34397EFA-C2A1-48FC-842E-0C4369E6B6F2}.Release|ARM.ActiveCfg = Release|Any CPU
		{34397EFA-C2A1-48FC-842E-0C4369E6B6F2}.Release|ARM.Build.0 = Release|Any CPU
		{34397EFA-C2A1-48FC-842E-0C4369E6B6F2}.Release|ARM.Deploy.0 = Release|Any CPU
		{34397EFA-C2A1-48FC-842E-0C4369E6B6F2}.Release|iPhone.ActiveCfg = Release|Any CPU
		{34397EFA-C2A1-48FC-842E-0C4369E6B6F2}.Release|iPhone.Build.0 = Release|Any CPU
		{34397EFA-C2A1-48FC-842E-0C4369E6B6F2}.Release|iPhone.Deploy.0 = Release|Any CPU
		{34397EFA-C2A1-48FC-842E-0C4369E6B6F2}.Release|iPhoneSimulator.ActiveCfg = Release|Any CPU
		{34397EFA-C2A1-48FC-842E-0C4369E6B6F2}.Release|iPhoneSimulator.Build.0 = Release|Any CPU
		{34397EFA-C2A1-48FC-842E-0C4369E6B6F2}.Release|iPhoneSimulator.Deploy.0 = Release|Any CPU
		{34397EFA-C2A1-48FC-842E-0C4369E6B6F2}.Release|x64.ActiveCfg = Release|Any CPU
		{34397EFA-C2A1-48FC-842E-0C4369E6B6F2}.Release|x64.Build.0 = Release|Any CPU
		{34397EFA-C2A1-48FC-842E-0C4369E6B6F2}.Release|x64.Deploy.0 = Release|Any CPU
		{34397EFA-C2A1-48FC-842E-0C4369E6B6F2}.Release|x86.ActiveCfg = Release|Any CPU
		{34397EFA-C2A1-48FC-842E-0C4369E6B6F2}.Release|x86.Build.0 = Release|Any CPU
		{34397EFA-C2A1-48FC-842E-0C4369E6B6F2}.Release|x86.Deploy.0 = Release|Any CPU
		{AB1443A4-DE1C-4B87-8945-9E1DD435AEB0}.Debug|Any CPU.ActiveCfg = Debug|iPhoneSimulator
		{AB1443A4-DE1C-4B87-8945-9E1DD435AEB0}.Debug|Any CPU.Build.0 = Debug|iPhoneSimulator
		{AB1443A4-DE1C-4B87-8945-9E1DD435AEB0}.Debug|Any CPU.Deploy.0 = Debug|iPhoneSimulator
		{AB1443A4-DE1C-4B87-8945-9E1DD435AEB0}.Debug|ARM.ActiveCfg = Debug|iPhoneSimulator
		{AB1443A4-DE1C-4B87-8945-9E1DD435AEB0}.Debug|ARM.Build.0 = Debug|iPhoneSimulator
		{AB1443A4-DE1C-4B87-8945-9E1DD435AEB0}.Debug|ARM.Deploy.0 = Debug|iPhoneSimulator
		{AB1443A4-DE1C-4B87-8945-9E1DD435AEB0}.Debug|iPhone.ActiveCfg = Debug|iPhone
		{AB1443A4-DE1C-4B87-8945-9E1DD435AEB0}.Debug|iPhone.Build.0 = Debug|iPhone
		{AB1443A4-DE1C-4B87-8945-9E1DD435AEB0}.Debug|iPhone.Deploy.0 = Debug|iPhone
		{AB1443A4-DE1C-4B87-8945-9E1DD435AEB0}.Debug|iPhoneSimulator.ActiveCfg = Debug|iPhoneSimulator
		{AB1443A4-DE1C-4B87-8945-9E1DD435AEB0}.Debug|iPhoneSimulator.Build.0 = Debug|iPhoneSimulator
		{AB1443A4-DE1C-4B87-8945-9E1DD435AEB0}.Debug|iPhoneSimulator.Deploy.0 = Debug|iPhoneSimulator
		{AB1443A4-DE1C-4B87-8945-9E1DD435AEB0}.Debug|x64.ActiveCfg = Debug|iPhone
		{AB1443A4-DE1C-4B87-8945-9E1DD435AEB0}.Debug|x64.Build.0 = Debug|iPhone
		{AB1443A4-DE1C-4B87-8945-9E1DD435AEB0}.Debug|x64.Deploy.0 = Debug|iPhone
		{AB1443A4-DE1C-4B87-8945-9E1DD435AEB0}.Debug|x86.ActiveCfg = Debug|iPhoneSimulator
		{AB1443A4-DE1C-4B87-8945-9E1DD435AEB0}.Debug|x86.Build.0 = Debug|iPhoneSimulator
		{AB1443A4-DE1C-4B87-8945-9E1DD435AEB0}.Debug|x86.Deploy.0 = Debug|iPhoneSimulator
		{AB1443A4-DE1C-4B87-8945-9E1DD435AEB0}.Release|Any CPU.ActiveCfg = Release|iPhoneSimulator
		{AB1443A4-DE1C-4B87-8945-9E1DD435AEB0}.Release|Any CPU.Build.0 = Release|iPhoneSimulator
		{AB1443A4-DE1C-4B87-8945-9E1DD435AEB0}.Release|Any CPU.Deploy.0 = Release|iPhoneSimulator
		{AB1443A4-DE1C-4B87-8945-9E1DD435AEB0}.Release|ARM.ActiveCfg = Release|iPhoneSimulator
		{AB1443A4-DE1C-4B87-8945-9E1DD435AEB0}.Release|ARM.Build.0 = Release|iPhoneSimulator
		{AB1443A4-DE1C-4B87-8945-9E1DD435AEB0}.Release|ARM.Deploy.0 = Release|iPhoneSimulator
		{AB1443A4-DE1C-4B87-8945-9E1DD435AEB0}.Release|iPhone.ActiveCfg = Release|iPhone
		{AB1443A4-DE1C-4B87-8945-9E1DD435AEB0}.Release|iPhone.Build.0 = Release|iPhone
		{AB1443A4-DE1C-4B87-8945-9E1DD435AEB0}.Release|iPhone.Deploy.0 = Release|iPhone
		{AB1443A4-DE1C-4B87-8945-9E1DD435AEB0}.Release|iPhoneSimulator.ActiveCfg = Release|iPhoneSimulator
		{AB1443A4-DE1C-4B87-8945-9E1DD435AEB0}.Release|iPhoneSimulator.Build.0 = Release|iPhoneSimulator
		{AB1443A4-DE1C-4B87-8945-9E1DD435AEB0}.Release|iPhoneSimulator.Deploy.0 = Release|iPhoneSimulator
		{AB1443A4-DE1C-4B87-8945-9E1DD435AEB0}.Release|x64.ActiveCfg = Release|iPhoneSimulator
		{AB1443A4-DE1C-4B87-8945-9E1DD435AEB0}.Release|x64.Build.0 = Release|iPhoneSimulator
		{AB1443A4-DE1C-4B87-8945-9E1DD435AEB0}.Release|x64.Deploy.0 = Release|iPhoneSimulator
		{AB1443A4-DE1C-4B87-8945-9E1DD435AEB0}.Release|x86.ActiveCfg = Release|iPhoneSimulator
		{AB1443A4-DE1C-4B87-8945-9E1DD435AEB0}.Release|x86.Build.0 = Release|iPhoneSimulator
		{AB1443A4-DE1C-4B87-8945-9E1DD435AEB0}.Release|x86.Deploy.0 = Release|iPhoneSimulator
		{353E8E19-B888-40B8-ABE5-E4EF0878EAFA}.Debug|Any CPU.ActiveCfg = Debug|Any CPU
		{353E8E19-B888-40B8-ABE5-E4EF0878EAFA}.Debug|Any CPU.Build.0 = Debug|Any CPU
		{353E8E19-B888-40B8-ABE5-E4EF0878EAFA}.Debug|Any CPU.Deploy.0 = Debug|Any CPU
		{353E8E19-B888-40B8-ABE5-E4EF0878EAFA}.Debug|ARM.ActiveCfg = Debug|Any CPU
		{353E8E19-B888-40B8-ABE5-E4EF0878EAFA}.Debug|ARM.Build.0 = Debug|Any CPU
		{353E8E19-B888-40B8-ABE5-E4EF0878EAFA}.Debug|ARM.Deploy.0 = Debug|Any CPU
		{353E8E19-B888-40B8-ABE5-E4EF0878EAFA}.Debug|iPhone.ActiveCfg = Debug|Any CPU
		{353E8E19-B888-40B8-ABE5-E4EF0878EAFA}.Debug|iPhone.Build.0 = Debug|Any CPU
		{353E8E19-B888-40B8-ABE5-E4EF0878EAFA}.Debug|iPhone.Deploy.0 = Debug|Any CPU
		{353E8E19-B888-40B8-ABE5-E4EF0878EAFA}.Debug|iPhoneSimulator.ActiveCfg = Debug|Any CPU
		{353E8E19-B888-40B8-ABE5-E4EF0878EAFA}.Debug|iPhoneSimulator.Build.0 = Debug|Any CPU
		{353E8E19-B888-40B8-ABE5-E4EF0878EAFA}.Debug|iPhoneSimulator.Deploy.0 = Debug|Any CPU
		{353E8E19-B888-40B8-ABE5-E4EF0878EAFA}.Debug|x64.ActiveCfg = Debug|Any CPU
		{353E8E19-B888-40B8-ABE5-E4EF0878EAFA}.Debug|x64.Build.0 = Debug|Any CPU
		{353E8E19-B888-40B8-ABE5-E4EF0878EAFA}.Debug|x64.Deploy.0 = Debug|Any CPU
		{353E8E19-B888-40B8-ABE5-E4EF0878EAFA}.Debug|x86.ActiveCfg = Debug|Any CPU
		{353E8E19-B888-40B8-ABE5-E4EF0878EAFA}.Debug|x86.Build.0 = Debug|Any CPU
		{353E8E19-B888-40B8-ABE5-E4EF0878EAFA}.Debug|x86.Deploy.0 = Debug|Any CPU
		{353E8E19-B888-40B8-ABE5-E4EF0878EAFA}.Release|Any CPU.ActiveCfg = Release|Any CPU
		{353E8E19-B888-40B8-ABE5-E4EF0878EAFA}.Release|Any CPU.Build.0 = Release|Any CPU
		{353E8E19-B888-40B8-ABE5-E4EF0878EAFA}.Release|Any CPU.Deploy.0 = Release|Any CPU
		{353E8E19-B888-40B8-ABE5-E4EF0878EAFA}.Release|ARM.ActiveCfg = Release|Any CPU
		{353E8E19-B888-40B8-ABE5-E4EF0878EAFA}.Release|ARM.Build.0 = Release|Any CPU
		{353E8E19-B888-40B8-ABE5-E4EF0878EAFA}.Release|ARM.Deploy.0 = Release|Any CPU
		{353E8E19-B888-40B8-ABE5-E4EF0878EAFA}.Release|iPhone.ActiveCfg = Release|Any CPU
		{353E8E19-B888-40B8-ABE5-E4EF0878EAFA}.Release|iPhone.Build.0 = Release|Any CPU
		{353E8E19-B888-40B8-ABE5-E4EF0878EAFA}.Release|iPhone.Deploy.0 = Release|Any CPU
		{353E8E19-B888-40B8-ABE5-E4EF0878EAFA}.Release|iPhoneSimulator.ActiveCfg = Release|Any CPU
		{353E8E19-B888-40B8-ABE5-E4EF0878EAFA}.Release|iPhoneSimulator.Build.0 = Release|Any CPU
		{353E8E19-B888-40B8-ABE5-E4EF0878EAFA}.Release|iPhoneSimulator.Deploy.0 = Release|Any CPU
		{353E8E19-B888-40B8-ABE5-E4EF0878EAFA}.Release|x64.ActiveCfg = Release|Any CPU
		{353E8E19-B888-40B8-ABE5-E4EF0878EAFA}.Release|x64.Build.0 = Release|Any CPU
		{353E8E19-B888-40B8-ABE5-E4EF0878EAFA}.Release|x64.Deploy.0 = Release|Any CPU
		{353E8E19-B888-40B8-ABE5-E4EF0878EAFA}.Release|x86.ActiveCfg = Release|Any CPU
		{353E8E19-B888-40B8-ABE5-E4EF0878EAFA}.Release|x86.Build.0 = Release|Any CPU
		{353E8E19-B888-40B8-ABE5-E4EF0878EAFA}.Release|x86.Deploy.0 = Release|Any CPU
	EndGlobalSection
	GlobalSection(SolutionProperties) = preSolution
		HideSolutionNode = FALSE
	EndGlobalSection
	GlobalSection(ExtensibilityGlobals) = postSolution
		SolutionGuid = {857CF10A-C6F4-46D5-8877-61BB23AE0884}
	EndGlobalSection
EndGlobal
