
Microsoft Visual Studio Solution File, Format Version 12.00
# Visual Studio Version 17
VisualStudioVersion = 17.6.33723.286
MinimumVisualStudioVersion = 10.0.40219.1
Project("{FAE04EC0-301F-11D3-BF4B-00C04F79EFBC}") = "Based-on-Entrance-animation-effects", "Based-on-Entrance-animation-effects.csproj", "{8D30CAB7-76D9-42E4-A66D-E7EE5897C08A}"
EndProject
Global
	GlobalSection(SolutionConfigurationPlatforms) = preSolution
		Debug|Any CPU = Debug|Any CPU
		Release|Any CPU = Release|Any CPU
	EndGlobalSection
	GlobalSection(ProjectConfigurationPlatforms) = postSolution
		{8D30CAB7-76D9-42E4-A66D-E7EE5897C08A}.Debug|Any CPU.ActiveCfg = Debug|Any CPU
		{8D30CAB7-76D9-42E4-A66D-E7EE5897C08A}.Debug|Any CPU.Build.0 = Debug|Any CPU
		{8D30CAB7-76D9-42E4-A66D-E7EE5897C08A}.Release|Any CPU.ActiveCfg = Release|Any CPU
		{8D30CAB7-76D9-42E4-A66D-E7EE5897C08A}.Release|Any CPU.Build.0 = Release|Any CPU
	EndGlobalSection
	GlobalSection(SolutionProperties) = preSolution
		HideSolutionNode = FALSE
	EndGlobalSection
	GlobalSection(ExtensibilityGlobals) = postSolution
		SolutionGuid = {CE424E08-8B0C-4CF9-9FE1-B74DA355E5A1}
	EndGlobalSection
EndGlobal
