
Microsoft Visual Studio Solution File, Format Version 12.00
# Visual Studio Version 17
VisualStudioVersion = 17.14.36518.9 d17.14
MinimumVisualStudioVersion = 10.0.40219.1
Project("{FAE04EC0-301F-11D3-BF4B-00C04F79EFBC}") = "Client Application", "Client Application\Client Application.csproj", "{A65CC61C-3C28-4EBE-A721-DA737886C300}"
EndProject
Global
	GlobalSection(SolutionConfigurationPlatforms) = preSolution
		Debug|Any CPU = Debug|Any CPU
		Release|Any CPU = Release|Any CPU
	EndGlobalSection
	GlobalSection(ProjectConfigurationPlatforms) = postSolution
		{A65CC61C-3C28-4EBE-A721-DA737886C300}.Debug|Any CPU.ActiveCfg = Debug|Any CPU
		{A65CC61C-3C28-4EBE-A721-DA737886C300}.Debug|Any CPU.Build.0 = Debug|Any CPU
		{A65CC61C-3C28-4EBE-A721-DA737886C300}.Release|Any CPU.ActiveCfg = Release|Any CPU
		{A65CC61C-3C28-4EBE-A721-DA737886C300}.Release|Any CPU.Build.0 = Release|Any CPU
	EndGlobalSection
	GlobalSection(SolutionProperties) = preSolution
		HideSolutionNode = FALSE
	EndGlobalSection
	GlobalSection(ExtensibilityGlobals) = postSolution
		SolutionGuid = {6B3A0070-0AB1-411A-A79B-D4264A082666}
	EndGlobalSection
EndGlobal
