
Microsoft Visual Studio Solution File, Format Version 12.00
# Visual Studio Version 17
VisualStudioVersion = 17.10.34928.147
MinimumVisualStudioVersion = 10.0.40219.1
Project("{FAE04EC0-301F-11D3-BF4B-00C04F79EFBC}") = "Save-PowerPoint-document", "Save-PowerPoint-document\Save-PowerPoint-document.csproj", "{79838276-07CB-499B-8D22-9C8E1FBCD143}"
EndProject
Global
	GlobalSection(SolutionConfigurationPlatforms) = preSolution
		Debug|Any CPU = Debug|Any CPU
		Release|Any CPU = Release|Any CPU
	EndGlobalSection
	GlobalSection(ProjectConfigurationPlatforms) = postSolution
		{79838276-07CB-499B-8D22-9C8E1FBCD143}.Debug|Any CPU.ActiveCfg = Debug|Any CPU
		{79838276-07CB-499B-8D22-9C8E1FBCD143}.Debug|Any CPU.Build.0 = Debug|Any CPU
		{79838276-07CB-499B-8D22-9C8E1FBCD143}.Release|Any CPU.ActiveCfg = Release|Any CPU
		{79838276-07CB-499B-8D22-9C8E1FBCD143}.Release|Any CPU.Build.0 = Release|Any CPU
	EndGlobalSection
	GlobalSection(SolutionProperties) = preSolution
		HideSolutionNode = FALSE
	EndGlobalSection
	GlobalSection(ExtensibilityGlobals) = postSolution
		SolutionGuid = {052BF920-4814-44E8-8091-9157F05B7B31}
	EndGlobalSection
EndGlobal
