
Microsoft Visual Studio Solution File, Format Version 12.00
# Visual Studio Version 17
VisualStudioVersion = 17.4.33213.308
MinimumVisualStudioVersion = 10.0.40219.1
Project("{FAE04EC0-301F-11D3-BF4B-00C04F79EFBC}") = "Format-chart-title", "Format-chart-title\Format-chart-title.csproj", "{A5A53E06-DB63-42ED-85AF-E12020FCFD7D}"
EndProject
Global
	GlobalSection(SolutionConfigurationPlatforms) = preSolution
		Debug|Any CPU = Debug|Any CPU
		Release|Any CPU = Release|Any CPU
	EndGlobalSection
	GlobalSection(ProjectConfigurationPlatforms) = postSolution
		{A5A53E06-DB63-42ED-85AF-E12020FCFD7D}.Debug|Any CPU.ActiveCfg = Debug|Any CPU
		{A5A53E06-DB63-42ED-85AF-E12020FCFD7D}.Debug|Any CPU.Build.0 = Debug|Any CPU
		{A5A53E06-DB63-42ED-85AF-E12020FCFD7D}.Release|Any CPU.ActiveCfg = Release|Any CPU
		{A5A53E06-DB63-42ED-85AF-E12020FCFD7D}.Release|Any CPU.Build.0 = Release|Any CPU
	EndGlobalSection
	GlobalSection(SolutionProperties) = preSolution
		HideSolutionNode = FALSE
	EndGlobalSection
	GlobalSection(ExtensibilityGlobals) = postSolution
		SolutionGuid = {831E0A5C-4348-4ADE-B7C8-14697896BE1C}
	EndGlobalSection
EndGlobal
