
Microsoft Visual Studio Solution File, Format Version 12.00
# Visual Studio Version 17
VisualStudioVersion = 17.14.37516.0 d17.14
MinimumVisualStudioVersion = 10.0.40219.1
Project("{FAE04EC0-301F-11D3-BF4B-00C04F79EFBC}") = "Customize-image-data", "Customize-image-data\Customize-image-data.csproj", "{163A4131-5CE3-AF4D-D738-2FFBF2D73712}"
EndProject
Global
	GlobalSection(SolutionConfigurationPlatforms) = preSolution
		Debug|Any CPU = Debug|Any CPU
		Release|Any CPU = Release|Any CPU
	EndGlobalSection
	GlobalSection(ProjectConfigurationPlatforms) = postSolution
		{163A4131-5CE3-AF4D-D738-2FFBF2D73712}.Debug|Any CPU.ActiveCfg = Debug|Any CPU
		{163A4131-5CE3-AF4D-D738-2FFBF2D73712}.Debug|Any CPU.Build.0 = Debug|Any CPU
		{163A4131-5CE3-AF4D-D738-2FFBF2D73712}.Release|Any CPU.ActiveCfg = Release|Any CPU
		{163A4131-5CE3-AF4D-D738-2FFBF2D73712}.Release|Any CPU.Build.0 = Release|Any CPU
	EndGlobalSection
	GlobalSection(SolutionProperties) = preSolution
		HideSolutionNode = FALSE
	EndGlobalSection
	GlobalSection(ExtensibilityGlobals) = postSolution
		SolutionGuid = {1B948FF1-E913-468D-8872-932A08892CC3}
	EndGlobalSection
EndGlobal
