
Microsoft Visual Studio Solution File, Format Version 12.00
# Visual Studio Version 17
VisualStudioVersion = 17.10.34928.147
MinimumVisualStudioVersion = 10.0.40219.1
Project("{FAE04EC0-301F-11D3-BF4B-00C04F79EFBC}") = "Read-and-edit-presentation", "Read-and-edit-presentation\Read-and-edit-presentation.csproj", "{2DCA717B-A7F1-4C20-8DBC-513B83200236}"
EndProject
Global
	GlobalSection(SolutionConfigurationPlatforms) = preSolution
		Debug|Any CPU = Debug|Any CPU
		Release|Any CPU = Release|Any CPU
	EndGlobalSection
	GlobalSection(ProjectConfigurationPlatforms) = postSolution
		{2DCA717B-A7F1-4C20-8DBC-513B83200236}.Debug|Any CPU.ActiveCfg = Debug|Any CPU
		{2DCA717B-A7F1-4C20-8DBC-513B83200236}.Debug|Any CPU.Build.0 = Debug|Any CPU
		{2DCA717B-A7F1-4C20-8DBC-513B83200236}.Debug|Any CPU.Deploy.0 = Debug|Any CPU
		{2DCA717B-A7F1-4C20-8DBC-513B83200236}.Release|Any CPU.ActiveCfg = Release|Any CPU
		{2DCA717B-A7F1-4C20-8DBC-513B83200236}.Release|Any CPU.Build.0 = Release|Any CPU
		{2DCA717B-A7F1-4C20-8DBC-513B83200236}.Release|Any CPU.Deploy.0 = Release|Any CPU
	EndGlobalSection
	GlobalSection(SolutionProperties) = preSolution
		HideSolutionNode = FALSE
	EndGlobalSection
	GlobalSection(ExtensibilityGlobals) = postSolution
		SolutionGuid = {EE44D416-7EE9-4C3B-824B-D619DC03B36C}
	EndGlobalSection
EndGlobal
