
Microsoft Visual Studio Solution File, Format Version 12.00
# Visual Studio Version 17
VisualStudioVersion = 17.4.33205.214
MinimumVisualStudioVersion = 10.0.40219.1
Project("{FAE04EC0-301F-11D3-BF4B-00C04F79EFBC}") = "Create-PowerPoint-presentation.UWP", "Create-PowerPoint-presentation\Create-PowerPoint-presentation.UWP\Create-PowerPoint-presentation.UWP.csproj", "{F28776F9-9E15-40ED-AC4D-DDB63BC40482}"
EndProject
Project("{FAE04EC0-301F-11D3-BF4B-00C04F79EFBC}") = "Create-PowerPoint-presentation.Android", "Create-PowerPoint-presentation\Create-PowerPoint-presentation.Android\Create-PowerPoint-presentation.Android.csproj", "{CA7829CA-521E-4215-9298-EE5D9DC6398B}"
EndProject
Project("{FAE04EC0-301F-11D3-BF4B-00C04F79EFBC}") = "Create-PowerPoint-presentation.iOS", "Create-PowerPoint-presentation\Create-PowerPoint-presentation.iOS\Create-PowerPoint-presentation.iOS.csproj", "{1BAB5E7A-283B-4AA7-82EB-F88858CFFEBE}"
EndProject
Project("{FAE04EC0-301F-11D3-BF4B-00C04F79EFBC}") = "Create-PowerPoint-presentation", "Create-PowerPoint-presentation\Create-PowerPoint-presentation\Create-PowerPoint-presentation.csproj", "{D91783D5-15D9-4689-8ED7-2A221D3535B2}"
EndProject
Global
	GlobalSection(SolutionConfigurationPlatforms) = preSolution
		Debug|Any CPU = Debug|Any CPU
		Debug|ARM = Debug|ARM
		Debug|iPhone = Debug|iPhone
		Debug|iPhoneSimulator = Debug|iPhoneSimulator
		Debug|x64 = Debug|x64
		Debug|x86 = Debug|x86
		Release|Any CPU = Release|Any CPU
		Release|ARM = Release|ARM
		Release|iPhone = Release|iPhone
		Release|iPhoneSimulator = Release|iPhoneSimulator
		Release|x64 = Release|x64
		Release|x86 = Release|x86
	EndGlobalSection
	GlobalSection(ProjectConfigurationPlatforms) = postSolution
		{F28776F9-9E15-40ED-AC4D-DDB63BC40482}.Debug|Any CPU.ActiveCfg = Debug|x64
		{F28776F9-9E15-40ED-AC4D-DDB63BC40482}.Debug|Any CPU.Build.0 = Debug|x64
		{F28776F9-9E15-40ED-AC4D-DDB63BC40482}.Debug|Any CPU.Deploy.0 = Debug|x64
		{F28776F9-9E15-40ED-AC4D-DDB63BC40482}.Debug|ARM.ActiveCfg = Debug|ARM
		{F28776F9-9E15-40ED-AC4D-DDB63BC40482}.Debug|ARM.Build.0 = Debug|ARM
		{F28776F9-9E15-40ED-AC4D-DDB63BC40482}.Debug|ARM.Deploy.0 = Debug|ARM
		{F28776F9-9E15-40ED-AC4D-DDB63BC40482}.Debug|iPhone.ActiveCfg = Debug|x64
		{F28776F9-9E15-40ED-AC4D-DDB63BC40482}.Debug|iPhone.Build.0 = Debug|x64
		{F28776F9-9E15-40ED-AC4D-DDB63BC40482}.Debug|iPhone.Deploy.0 = Debug|x64
		{F28776F9-9E15-40ED-AC4D-DDB63BC40482}.Debug|iPhoneSimulator.ActiveCfg = Debug|x64
		{F28776F9-9E15-40ED-AC4D-DDB63BC40482}.Debug|iPhoneSimulator.Build.0 = Debug|x64
		{F28776F9-9E15-40ED-AC4D-DDB63BC40482}.Debug|iPhoneSimulator.Deploy.0 = Debug|x64
		{F28776F9-9E15-40ED-AC4D-DDB63BC40482}.Debug|x64.ActiveCfg = Debug|x64
		{F28776F9-9E15-40ED-AC4D-DDB63BC40482}.Debug|x64.Build.0 = Debug|x64
		{F28776F9-9E15-40ED-AC4D-DDB63BC40482}.Debug|x64.Deploy.0 = Debug|x64
		{F28776F9-9E15-40ED-AC4D-DDB63BC40482}.Debug|x86.ActiveCfg = Debug|x86
		{F28776F9-9E15-40ED-AC4D-DDB63BC40482}.Debug|x86.Build.0 = Debug|x86
		{F28776F9-9E15-40ED-AC4D-DDB63BC40482}.Debug|x86.Deploy.0 = Debug|x86
		{F28776F9-9E15-40ED-AC4D-DDB63BC40482}.Release|Any CPU.ActiveCfg = Release|x64
		{F28776F9-9E15-40ED-AC4D-DDB63BC40482}.Release|Any CPU.Build.0 = Release|x64
		{F28776F9-9E15-40ED-AC4D-DDB63BC40482}.Release|Any CPU.Deploy.0 = Release|x64
		{F28776F9-9E15-40ED-AC4D-DDB63BC40482}.Release|ARM.ActiveCfg = Release|ARM
		{F28776F9-9E15-40ED-AC4D-DDB63BC40482}.Release|ARM.Build.0 = Release|ARM
		{F28776F9-9E15-40ED-AC4D-DDB63BC40482}.Release|ARM.Deploy.0 = Release|ARM
		{F28776F9-9E15-40ED-AC4D-DDB63BC40482}.Release|iPhone.ActiveCfg = Release|x64
		{F28776F9-9E15-40ED-AC4D-DDB63BC40482}.Release|iPhone.Build.0 = Release|x64
		{F28776F9-9E15-40ED-AC4D-DDB63BC40482}.Release|iPhone.Deploy.0 = Release|x64
		{F28776F9-9E15-40ED-AC4D-DDB63BC40482}.Release|iPhoneSimulator.ActiveCfg = Release|x64
		{F28776F9-9E15-40ED-AC4D-DDB63BC40482}.Release|iPhoneSimulator.Build.0 = Release|x64
		{F28776F9-9E15-40ED-AC4D-DDB63BC40482}.Release|iPhoneSimulator.Deploy.0 = Release|x64
		{F28776F9-9E15-40ED-AC4D-DDB63BC40482}.Release|x64.ActiveCfg = Release|x64
		{F28776F9-9E15-40ED-AC4D-DDB63BC40482}.Release|x64.Build.0 = Release|x64
		{F28776F9-9E15-40ED-AC4D-DDB63BC40482}.Release|x64.Deploy.0 = Release|x64
		{F28776F9-9E15-40ED-AC4D-DDB63BC40482}.Release|x86.ActiveCfg = Release|x86
		{F28776F9-9E15-40ED-AC4D-DDB63BC40482}.Release|x86.Build.0 = Release|x86
		{F28776F9-9E15-40ED-AC4D-DDB63BC40482}.Release|x86.Deploy.0 = Release|x86
		{CA7829CA-521E-4215-9298-EE5D9DC6398B}.Debug|Any CPU.ActiveCfg = Debug|Any CPU
		{CA7829CA-521E-4215-9298-EE5D9DC6398B}.Debug|Any CPU.Build.0 = Debug|Any CPU
		{CA7829CA-521E-4215-9298-EE5D9DC6398B}.Debug|Any CPU.Deploy.0 = Debug|Any CPU
		{CA7829CA-521E-4215-9298-EE5D9DC6398B}.Debug|ARM.ActiveCfg = Debug|Any CPU
		{CA7829CA-521E-4215-9298-EE5D9DC6398B}.Debug|ARM.Build.0 = Debug|Any CPU
		{CA7829CA-521E-4215-9298-EE5D9DC6398B}.Debug|ARM.Deploy.0 = Debug|Any CPU
		{CA7829CA-521E-4215-9298-EE5D9DC6398B}.Debug|iPhone.ActiveCfg = Debug|Any CPU
		{CA7829CA-521E-4215-9298-EE5D9DC6398B}.Debug|iPhone.Build.0 = Debug|Any CPU
		{CA7829CA-521E-4215-9298-EE5D9DC6398B}.Debug|iPhone.Deploy.0 = Debug|Any CPU
		{CA7829CA-521E-4215-9298-EE5D9DC6398B}.Debug|iPhoneSimulator.ActiveCfg = Debug|Any CPU
		{CA7829CA-521E-4215-9298-EE5D9DC6398B}.Debug|iPhoneSimulator.Build.0 = Debug|Any CPU
		{CA7829CA-521E-4215-9298-EE5D9DC6398B}.Debug|iPhoneSimulator.Deploy.0 = Debug|Any CPU
		{CA7829CA-521E-4215-9298-EE5D9DC6398B}.Debug|x64.ActiveCfg = Debug|Any CPU
		{CA7829CA-521E-4215-9298-EE5D9DC6398B}.Debug|x64.Build.0 = Debug|Any CPU
		{CA7829CA-521E-4215-9298-EE5D9DC6398B}.Debug|x64.Deploy.0 = Debug|Any CPU
		{CA7829CA-521E-4215-9298-EE5D9DC6398B}.Debug|x86.ActiveCfg = Debug|Any CPU
		{CA7829CA-521E-4215-9298-EE5D9DC6398B}.Debug|x86.Build.0 = Debug|Any CPU
		{CA7829CA-521E-4215-9298-EE5D9DC6398B}.Debug|x86.Deploy.0 = Debug|Any CPU
		{CA7829CA-521E-4215-9298-EE5D9DC6398B}.Release|Any CPU.ActiveCfg = Release|Any CPU
		{CA7829CA-521E-4215-9298-EE5D9DC6398B}.Release|Any CPU.Build.0 = Release|Any CPU
		{CA7829CA-521E-4215-9298-EE5D9DC6398B}.Release|Any CPU.Deploy.0 = Release|Any CPU
		{CA7829CA-521E-4215-9298-EE5D9DC6398B}.Release|ARM.ActiveCfg = Release|Any CPU
		{CA7829CA-521E-4215-9298-EE5D9DC6398B}.Release|ARM.Build.0 = Release|Any CPU
		{CA7829CA-521E-4215-9298-EE5D9DC6398B}.Release|ARM.Deploy.0 = Release|Any CPU
		{CA7829CA-521E-4215-9298-EE5D9DC6398B}.Release|iPhone.ActiveCfg = Release|Any CPU
		{CA7829CA-521E-4215-9298-EE5D9DC6398B}.Release|iPhone.Build.0 = Release|Any CPU
		{CA7829CA-521E-4215-9298-EE5D9DC6398B}.Release|iPhone.Deploy.0 = Release|Any CPU
		{CA7829CA-521E-4215-9298-EE5D9DC6398B}.Release|iPhoneSimulator.ActiveCfg = Release|Any CPU
		{CA7829CA-521E-4215-9298-EE5D9DC6398B}.Release|iPhoneSimulator.Build.0 = Release|Any CPU
		{CA7829CA-521E-4215-9298-EE5D9DC6398B}.Release|iPhoneSimulator.Deploy.0 = Release|Any CPU
		{CA7829CA-521E-4215-9298-EE5D9DC6398B}.Release|x64.ActiveCfg = Release|Any CPU
		{CA7829CA-521E-4215-9298-EE5D9DC6398B}.Release|x64.Build.0 = Release|Any CPU
		{CA7829CA-521E-4215-9298-EE5D9DC6398B}.Release|x64.Deploy.0 = Release|Any CPU
		{CA7829CA-521E-4215-9298-EE5D9DC6398B}.Release|x86.ActiveCfg = Release|Any CPU
		{CA7829CA-521E-4215-9298-EE5D9DC6398B}.Release|x86.Build.0 = Release|Any CPU
		{CA7829CA-521E-4215-9298-EE5D9DC6398B}.Release|x86.Deploy.0 = Release|Any CPU
		{1BAB5E7A-283B-4AA7-82EB-F88858CFFEBE}.Debug|Any CPU.ActiveCfg = Debug|iPhoneSimulator
		{1BAB5E7A-283B-4AA7-82EB-F88858CFFEBE}.Debug|Any CPU.Build.0 = Debug|iPhoneSimulator
		{1BAB5E7A-283B-4AA7-82EB-F88858CFFEBE}.Debug|Any CPU.Deploy.0 = Debug|iPhoneSimulator
		{1BAB5E7A-283B-4AA7-82EB-F88858CFFEBE}.Debug|ARM.ActiveCfg = Debug|iPhoneSimulator
		{1BAB5E7A-283B-4AA7-82EB-F88858CFFEBE}.Debug|ARM.Build.0 = Debug|iPhoneSimulator
		{1BAB5E7A-283B-4AA7-82EB-F88858CFFEBE}.Debug|ARM.Deploy.0 = Debug|iPhoneSimulator
		{1BAB5E7A-283B-4AA7-82EB-F88858CFFEBE}.Debug|iPhone.ActiveCfg = Debug|iPhone
		{1BAB5E7A-283B-4AA7-82EB-F88858CFFEBE}.Debug|iPhone.Build.0 = Debug|iPhone
		{1BAB5E7A-283B-4AA7-82EB-F88858CFFEBE}.Debug|iPhone.Deploy.0 = Debug|iPhone
		{1BAB5E7A-283B-4AA7-82EB-F88858CFFEBE}.Debug|iPhoneSimulator.ActiveCfg = Debug|iPhoneSimulator
		{1BAB5E7A-283B-4AA7-82EB-F88858CFFEBE}.Debug|iPhoneSimulator.Build.0 = Debug|iPhoneSimulator
		{1BAB5E7A-283B-4AA7-82EB-F88858CFFEBE}.Debug|iPhoneSimulator.Deploy.0 = Debug|iPhoneSimulator
		{1BAB5E7A-283B-4AA7-82EB-F88858CFFEBE}.Debug|x64.ActiveCfg = Debug|iPhone
		{1BAB5E7A-283B-4AA7-82EB-F88858CFFEBE}.Debug|x64.Build.0 = Debug|iPhone
		{1BAB5E7A-283B-4AA7-82EB-F88858CFFEBE}.Debug|x64.Deploy.0 = Debug|iPhone
		{1BAB5E7A-283B-4AA7-82EB-F88858CFFEBE}.Debug|x86.ActiveCfg = Debug|iPhoneSimulator
		{1BAB5E7A-283B-4AA7-82EB-F88858CFFEBE}.Debug|x86.Build.0 = Debug|iPhoneSimulator
		{1BAB5E7A-283B-4AA7-82EB-F88858CFFEBE}.Debug|x86.Deploy.0 = Debug|iPhoneSimulator
		{1BAB5E7A-283B-4AA7-82EB-F88858CFFEBE}.Release|Any CPU.ActiveCfg = Release|iPhoneSimulator
		{1BAB5E7A-283B-4AA7-82EB-F88858CFFEBE}.Release|Any CPU.Build.0 = Release|iPhoneSimulator
		{1BAB5E7A-283B-4AA7-82EB-F88858CFFEBE}.Release|Any CPU.Deploy.0 = Release|iPhoneSimulator
		{1BAB5E7A-283B-4AA7-82EB-F88858CFFEBE}.Release|ARM.ActiveCfg = Release|iPhoneSimulator
		{1BAB5E7A-283B-4AA7-82EB-F88858CFFEBE}.Release|ARM.Build.0 = Release|iPhoneSimulator
		{1BAB5E7A-283B-4AA7-82EB-F88858CFFEBE}.Release|ARM.Deploy.0 = Release|iPhoneSimulator
		{1BAB5E7A-283B-4AA7-82EB-F88858CFFEBE}.Release|iPhone.ActiveCfg = Release|iPhone
		{1BAB5E7A-283B-4AA7-82EB-F88858CFFEBE}.Release|iPhone.Build.0 = Release|iPhone
		{1BAB5E7A-283B-4AA7-82EB-F88858CFFEBE}.Release|iPhone.Deploy.0 = Release|iPhone
		{1BAB5E7A-283B-4AA7-82EB-F88858CFFEBE}.Release|iPhoneSimulator.ActiveCfg = Release|iPhoneSimulator
		{1BAB5E7A-283B-4AA7-82EB-F88858CFFEBE}.Release|iPhoneSimulator.Build.0 = Release|iPhoneSimulator
		{1BAB5E7A-283B-4AA7-82EB-F88858CFFEBE}.Release|iPhoneSimulator.Deploy.0 = Release|iPhoneSimulator
		{1BAB5E7A-283B-4AA7-82EB-F88858CFFEBE}.Release|x64.ActiveCfg = Release|iPhoneSimulator
		{1BAB5E7A-283B-4AA7-82EB-F88858CFFEBE}.Release|x64.Build.0 = Release|iPhoneSimulator
		{1BAB5E7A-283B-4AA7-82EB-F88858CFFEBE}.Release|x64.Deploy.0 = Release|iPhoneSimulator
		{1BAB5E7A-283B-4AA7-82EB-F88858CFFEBE}.Release|x86.ActiveCfg = Release|iPhoneSimulator
		{1BAB5E7A-283B-4AA7-82EB-F88858CFFEBE}.Release|x86.Build.0 = Release|iPhoneSimulator
		{1BAB5E7A-283B-4AA7-82EB-F88858CFFEBE}.Release|x86.Deploy.0 = Release|iPhoneSimulator
		{D91783D5-15D9-4689-8ED7-2A221D3535B2}.Debug|Any CPU.ActiveCfg = Debug|Any CPU
		{D91783D5-15D9-4689-8ED7-2A221D3535B2}.Debug|Any CPU.Build.0 = Debug|Any CPU
		{D91783D5-15D9-4689-8ED7-2A221D3535B2}.Debug|Any CPU.Deploy.0 = Debug|Any CPU
		{D91783D5-15D9-4689-8ED7-2A221D3535B2}.Debug|ARM.ActiveCfg = Debug|Any CPU
		{D91783D5-15D9-4689-8ED7-2A221D3535B2}.Debug|ARM.Build.0 = Debug|Any CPU
		{D91783D5-15D9-4689-8ED7-2A221D3535B2}.Debug|ARM.Deploy.0 = Debug|Any CPU
		{D91783D5-15D9-4689-8ED7-2A221D3535B2}.Debug|iPhone.ActiveCfg = Debug|Any CPU
		{D91783D5-15D9-4689-8ED7-2A221D3535B2}.Debug|iPhone.Build.0 = Debug|Any CPU
		{D91783D5-15D9-4689-8ED7-2A221D3535B2}.Debug|iPhone.Deploy.0 = Debug|Any CPU
		{D91783D5-15D9-4689-8ED7-2A221D3535B2}.Debug|iPhoneSimulator.ActiveCfg = Debug|Any CPU
		{D91783D5-15D9-4689-8ED7-2A221D3535B2}.Debug|iPhoneSimulator.Build.0 = Debug|Any CPU
		{D91783D5-15D9-4689-8ED7-2A221D3535B2}.Debug|iPhoneSimulator.Deploy.0 = Debug|Any CPU
		{D91783D5-15D9-4689-8ED7-2A221D3535B2}.Debug|x64.ActiveCfg = Debug|Any CPU
		{D91783D5-15D9-4689-8ED7-2A221D3535B2}.Debug|x64.Build.0 = Debug|Any CPU
		{D91783D5-15D9-4689-8ED7-2A221D3535B2}.Debug|x64.Deploy.0 = Debug|Any CPU
		{D91783D5-15D9-4689-8ED7-2A221D3535B2}.Debug|x86.ActiveCfg = Debug|Any CPU
		{D91783D5-15D9-4689-8ED7-2A221D3535B2}.Debug|x86.Build.0 = Debug|Any CPU
		{D91783D5-15D9-4689-8ED7-2A221D3535B2}.Debug|x86.Deploy.0 = Debug|Any CPU
		{D91783D5-15D9-4689-8ED7-2A221D3535B2}.Release|Any CPU.ActiveCfg = Release|Any CPU
		{D91783D5-15D9-4689-8ED7-2A221D3535B2}.Release|Any CPU.Build.0 = Release|Any CPU
		{D91783D5-15D9-4689-8ED7-2A221D3535B2}.Release|Any CPU.Deploy.0 = Release|Any CPU
		{D91783D5-15D9-4689-8ED7-2A221D3535B2}.Release|ARM.ActiveCfg = Release|Any CPU
		{D91783D5-15D9-4689-8ED7-2A221D3535B2}.Release|ARM.Build.0 = Release|Any CPU
		{D91783D5-15D9-4689-8ED7-2A221D3535B2}.Release|ARM.Deploy.0 = Release|Any CPU
		{D91783D5-15D9-4689-8ED7-2A221D3535B2}.Release|iPhone.ActiveCfg = Release|Any CPU
		{D91783D5-15D9-4689-8ED7-2A221D3535B2}.Release|iPhone.Build.0 = Release|Any CPU
		{D91783D5-15D9-4689-8ED7-2A221D3535B2}.Release|iPhone.Deploy.0 = Release|Any CPU
		{D91783D5-15D9-4689-8ED7-2A221D3535B2}.Release|iPhoneSimulator.ActiveCfg = Release|Any CPU
		{D91783D5-15D9-4689-8ED7-2A221D3535B2}.Release|iPhoneSimulator.Build.0 = Release|Any CPU
		{D91783D5-15D9-4689-8ED7-2A221D3535B2}.Release|iPhoneSimulator.Deploy.0 = Release|Any CPU
		{D91783D5-15D9-4689-8ED7-2A221D3535B2}.Release|x64.ActiveCfg = Release|Any CPU
		{D91783D5-15D9-4689-8ED7-2A221D3535B2}.Release|x64.Build.0 = Release|Any CPU
		{D91783D5-15D9-4689-8ED7-2A221D3535B2}.Release|x64.Deploy.0 = Release|Any CPU
		{D91783D5-15D9-4689-8ED7-2A221D3535B2}.Release|x86.ActiveCfg = Release|Any CPU
		{D91783D5-15D9-4689-8ED7-2A221D3535B2}.Release|x86.Build.0 = Release|Any CPU
		{D91783D5-15D9-4689-8ED7-2A221D3535B2}.Release|x86.Deploy.0 = Release|Any CPU
	EndGlobalSection
	GlobalSection(SolutionProperties) = preSolution
		HideSolutionNode = FALSE
	EndGlobalSection
	GlobalSection(ExtensibilityGlobals) = postSolution
		SolutionGuid = {D982B3CB-8DA3-4B65-8DC0-231C72B65095}
	EndGlobalSection
EndGlobal
