
Microsoft Visual Studio Solution File, Format Version 12.00
# Visual Studio Version 17
VisualStudioVersion = 17.7.34031.279
MinimumVisualStudioVersion = 10.0.40219.1
Project("{FAE04EC0-301F-11D3-BF4B-00C04F79EFBC}") = "Format-Plot-Area", "Format-Plot-Area\Format-Plot-Area.csproj", "{01B3F0D2-A6DD-40EA-AF14-34D20F998189}"
EndProject
Global
	GlobalSection(SolutionConfigurationPlatforms) = preSolution
		Debug|Any CPU = Debug|Any CPU
		Release|Any CPU = Release|Any CPU
	EndGlobalSection
	GlobalSection(ProjectConfigurationPlatforms) = postSolution
		{01B3F0D2-A6DD-40EA-AF14-34D20F998189}.Debug|Any CPU.ActiveCfg = Debug|Any CPU
		{01B3F0D2-A6DD-40EA-AF14-34D20F998189}.Debug|Any CPU.Build.0 = Debug|Any CPU
		{01B3F0D2-A6DD-40EA-AF14-34D20F998189}.Release|Any CPU.ActiveCfg = Release|Any CPU
		{01B3F0D2-A6DD-40EA-AF14-34D20F998189}.Release|Any CPU.Build.0 = Release|Any CPU
	EndGlobalSection
	GlobalSection(SolutionProperties) = preSolution
		HideSolutionNode = FALSE
	EndGlobalSection
	GlobalSection(ExtensibilityGlobals) = postSolution
		SolutionGuid = {08A7F8DB-465A-41B5-B53E-2D65967AFBD7}
	EndGlobalSection
EndGlobal
