
Microsoft Visual Studio Solution File, Format Version 12.00
# Visual Studio Version 17
VisualStudioVersion = 17.14.36518.9 d17.14
MinimumVisualStudioVersion = 10.0.40219.1
Project("{FAE04EC0-301F-11D3-BF4B-00C04F79EFBC}") = "Convert-PowerPoint-Presentation-to-PDF", "Convert-PowerPoint-Presentation-to-PDF\Convert-PowerPoint-Presentation-to-PDF.csproj", "{D61C759B-C240-45FD-9F4C-EB4DDA807D0B}"
EndProject
Global
	GlobalSection(SolutionConfigurationPlatforms) = preSolution
		Debug|Any CPU = Debug|Any CPU
		Release|Any CPU = Release|Any CPU
	EndGlobalSection
	GlobalSection(ProjectConfigurationPlatforms) = postSolution
		{D61C759B-C240-45FD-9F4C-EB4DDA807D0B}.Debug|Any CPU.ActiveCfg = Debug|Any CPU
		{D61C759B-C240-45FD-9F4C-EB4DDA807D0B}.Debug|Any CPU.Build.0 = Debug|Any CPU
		{D61C759B-C240-45FD-9F4C-EB4DDA807D0B}.Release|Any CPU.ActiveCfg = Release|Any CPU
		{D61C759B-C240-45FD-9F4C-EB4DDA807D0B}.Release|Any CPU.Build.0 = Release|Any CPU
	EndGlobalSection
	GlobalSection(SolutionProperties) = preSolution
		HideSolutionNode = FALSE
	EndGlobalSection
	GlobalSection(ExtensibilityGlobals) = postSolution
		SolutionGuid = {A3FC90C4-992A-464D-B787-CB13A1E9C766}
	EndGlobalSection
EndGlobal
