
Microsoft Visual Studio Solution File, Format Version 12.00
# Visual Studio Version 17
VisualStudioVersion = 17.10.34928.147
MinimumVisualStudioVersion = 10.0.40219.1
Project("{FAE04EC0-301F-11D3-BF4B-00C04F79EFBC}") = "Convert-PowerPoint-Presentation-to-PDF", "Convert-PowerPoint-Presentation-to-PDF\Convert-PowerPoint-Presentation-to-PDF.csproj", "{D01F53CE-F938-4E12-9646-7965462B3DCE}"
EndProject
Global
	GlobalSection(SolutionConfigurationPlatforms) = preSolution
		Debug|Any CPU = Debug|Any CPU
		Release|Any CPU = Release|Any CPU
	EndGlobalSection
	GlobalSection(ProjectConfigurationPlatforms) = postSolution
		{D01F53CE-F938-4E12-9646-7965462B3DCE}.Debug|Any CPU.ActiveCfg = Debug|Any CPU
		{D01F53CE-F938-4E12-9646-7965462B3DCE}.Debug|Any CPU.Build.0 = Debug|Any CPU
		{D01F53CE-F938-4E12-9646-7965462B3DCE}.Release|Any CPU.ActiveCfg = Release|Any CPU
		{D01F53CE-F938-4E12-9646-7965462B3DCE}.Release|Any CPU.Build.0 = Release|Any CPU
	EndGlobalSection
	GlobalSection(SolutionProperties) = preSolution
		HideSolutionNode = FALSE
	EndGlobalSection
	GlobalSection(ExtensibilityGlobals) = postSolution
		SolutionGuid = {7C804D31-1756-49D8-85B1-2001DF6283F7}
	EndGlobalSection
EndGlobal
