
Microsoft Visual Studio Solution File, Format Version 12.00
# Visual Studio Version 17
VisualStudioVersion = 17.6.33723.286
MinimumVisualStudioVersion = 10.0.40219.1
Project("{FAE04EC0-301F-11D3-BF4B-00C04F79EFBC}") = "Convert-PowerPoint-Presentation-to-PDF", "Convert-PowerPoint-Presentation-to-PDF\Convert-PowerPoint-Presentation-to-PDF.csproj", "{09C1F55F-C85B-4E19-9D4D-DC700FAC6769}"
EndProject
Global
	GlobalSection(SolutionConfigurationPlatforms) = preSolution
		Debug|Any CPU = Debug|Any CPU
		Release|Any CPU = Release|Any CPU
	EndGlobalSection
	GlobalSection(ProjectConfigurationPlatforms) = postSolution
		{09C1F55F-C85B-4E19-9D4D-DC700FAC6769}.Debug|Any CPU.ActiveCfg = Debug|Any CPU
		{09C1F55F-C85B-4E19-9D4D-DC700FAC6769}.Debug|Any CPU.Build.0 = Debug|Any CPU
		{09C1F55F-C85B-4E19-9D4D-DC700FAC6769}.Release|Any CPU.ActiveCfg = Release|Any CPU
		{09C1F55F-C85B-4E19-9D4D-DC700FAC6769}.Release|Any CPU.Build.0 = Release|Any CPU
	EndGlobalSection
	GlobalSection(SolutionProperties) = preSolution
		HideSolutionNode = FALSE
	EndGlobalSection
	GlobalSection(ExtensibilityGlobals) = postSolution
		SolutionGuid = {E3BDCE55-0984-43FD-A024-32CF494B3E0E}
	EndGlobalSection
EndGlobal
