
Microsoft Visual Studio Solution File, Format Version 12.00
# Visual Studio Version 17
VisualStudioVersion = 17.7.34031.279
MinimumVisualStudioVersion = 10.0.40219.1
Project("{FAE04EC0-301F-11D3-BF4B-00C04F79EFBC}") = "Format-Series", "Format-Series\Format-Series.csproj", "{B052C4A6-D5A1-42BB-9468-A1ED7BFEBD89}"
EndProject
Global
	GlobalSection(SolutionConfigurationPlatforms) = preSolution
		Debug|Any CPU = Debug|Any CPU
		Release|Any CPU = Release|Any CPU
	EndGlobalSection
	GlobalSection(ProjectConfigurationPlatforms) = postSolution
		{B052C4A6-D5A1-42BB-9468-A1ED7BFEBD89}.Debug|Any CPU.ActiveCfg = Debug|Any CPU
		{B052C4A6-D5A1-42BB-9468-A1ED7BFEBD89}.Debug|Any CPU.Build.0 = Debug|Any CPU
		{B052C4A6-D5A1-42BB-9468-A1ED7BFEBD89}.Release|Any CPU.ActiveCfg = Release|Any CPU
		{B052C4A6-D5A1-42BB-9468-A1ED7BFEBD89}.Release|Any CPU.Build.0 = Release|Any CPU
	EndGlobalSection
	GlobalSection(SolutionProperties) = preSolution
		HideSolutionNode = FALSE
	EndGlobalSection
	GlobalSection(ExtensibilityGlobals) = postSolution
		SolutionGuid = {6E17A3D3-BD3A-4022-8597-7D1F079F38B7}
	EndGlobalSection
EndGlobal
