
Microsoft Visual Studio Solution File, Format Version 12.00
# Visual Studio Version 17
VisualStudioVersion = 17.8.34330.188
MinimumVisualStudioVersion = 10.0.40219.1
Project("{FAE04EC0-301F-11D3-BF4B-00C04F79EFBC}") = "Replace-particular-image-with-text", "Replace-particular-image-with-text\Replace-particular-image-with-text.csproj", "{9CE4CA24-D9FA-4477-BA28-CB36ACDB8CF8}"
EndProject
Global
	GlobalSection(SolutionConfigurationPlatforms) = preSolution
		Debug|Any CPU = Debug|Any CPU
		Release|Any CPU = Release|Any CPU
	EndGlobalSection
	GlobalSection(ProjectConfigurationPlatforms) = postSolution
		{9CE4CA24-D9FA-4477-BA28-CB36ACDB8CF8}.Debug|Any CPU.ActiveCfg = Debug|Any CPU
		{9CE4CA24-D9FA-4477-BA28-CB36ACDB8CF8}.Debug|Any CPU.Build.0 = Debug|Any CPU
		{9CE4CA24-D9FA-4477-BA28-CB36ACDB8CF8}.Release|Any CPU.ActiveCfg = Release|Any CPU
		{9CE4CA24-D9FA-4477-BA28-CB36ACDB8CF8}.Release|Any CPU.Build.0 = Release|Any CPU
	EndGlobalSection
	GlobalSection(SolutionProperties) = preSolution
		HideSolutionNode = FALSE
	EndGlobalSection
	GlobalSection(ExtensibilityGlobals) = postSolution
		SolutionGuid = {DEAC9B60-5F6F-46C9-B51C-DC50C3EB5364}
	EndGlobalSection
EndGlobal
