
Microsoft Visual Studio Solution File, Format Version 12.00
# Visual Studio Version 17
VisualStudioVersion = 17.14.37516.0 d17.14
MinimumVisualStudioVersion = 10.0.40219.1
Project("{FAE04EC0-301F-11D3-BF4B-00C04F79EFBC}") = "Get-Markdown-document", "Get-Markdown-document\Get-Markdown-document.csproj", "{B592EDD9-200E-4224-80DD-673BADEE3DA7}"
EndProject
Global
	GlobalSection(SolutionConfigurationPlatforms) = preSolution
		Debug|Any CPU = Debug|Any CPU
		Release|Any CPU = Release|Any CPU
	EndGlobalSection
	GlobalSection(ProjectConfigurationPlatforms) = postSolution
		{B592EDD9-200E-4224-80DD-673BADEE3DA7}.Debug|Any CPU.ActiveCfg = Debug|Any CPU
		{B592EDD9-200E-4224-80DD-673BADEE3DA7}.Debug|Any CPU.Build.0 = Debug|Any CPU
		{B592EDD9-200E-4224-80DD-673BADEE3DA7}.Release|Any CPU.ActiveCfg = Release|Any CPU
		{B592EDD9-200E-4224-80DD-673BADEE3DA7}.Release|Any CPU.Build.0 = Release|Any CPU
	EndGlobalSection
	GlobalSection(SolutionProperties) = preSolution
		HideSolutionNode = FALSE
	EndGlobalSection
	GlobalSection(ExtensibilityGlobals) = postSolution
		SolutionGuid = {678FC67A-2791-4D11-9BEC-0D2B184B8EB3}
	EndGlobalSection
EndGlobal
