
Microsoft Visual Studio Solution File, Format Version 12.00
# Visual Studio Version 17
VisualStudioVersion = 17.11.35327.3
MinimumVisualStudioVersion = 10.0.40219.1
Project("{FAE04EC0-301F-11D3-BF4B-00C04F79EFBC}") = "Convert-PowerPoint-Presentation-to-PDF", "Convert-PowerPoint-Presentation-to-PDF.csproj", "{2DAB24E8-F0DF-4E2B-8626-54FAE4E86A4D}"
EndProject
Global
	GlobalSection(SolutionConfigurationPlatforms) = preSolution
		Debug|Any CPU = Debug|Any CPU
		Release|Any CPU = Release|Any CPU
	EndGlobalSection
	GlobalSection(ProjectConfigurationPlatforms) = postSolution
		{2DAB24E8-F0DF-4E2B-8626-54FAE4E86A4D}.Debug|Any CPU.ActiveCfg = Debug|Any CPU
		{2DAB24E8-F0DF-4E2B-8626-54FAE4E86A4D}.Debug|Any CPU.Build.0 = Debug|Any CPU
		{2DAB24E8-F0DF-4E2B-8626-54FAE4E86A4D}.Release|Any CPU.ActiveCfg = Release|Any CPU
		{2DAB24E8-F0DF-4E2B-8626-54FAE4E86A4D}.Release|Any CPU.Build.0 = Release|Any CPU
	EndGlobalSection
	GlobalSection(SolutionProperties) = preSolution
		HideSolutionNode = FALSE
	EndGlobalSection
	GlobalSection(ExtensibilityGlobals) = postSolution
		SolutionGuid = {770D99B1-A723-4F03-A08C-C8ACD277D462}
	EndGlobalSection
EndGlobal
