
Microsoft Visual Studio Solution File, Format Version 12.00
# Visual Studio Version 17
VisualStudioVersion = 17.11.35327.3
MinimumVisualStudioVersion = 10.0.40219.1
Project("{FAE04EC0-301F-11D3-BF4B-00C04F79EFBC}") = "Create-PowerPoint-presentation", "Create-PowerPoint-presentation.csproj", "{91CF7225-EB64-43BB-AC61-63BC4238A98B}"
EndProject
Global
	GlobalSection(SolutionConfigurationPlatforms) = preSolution
		Debug|Any CPU = Debug|Any CPU
		Release|Any CPU = Release|Any CPU
	EndGlobalSection
	GlobalSection(ProjectConfigurationPlatforms) = postSolution
		{91CF7225-EB64-43BB-AC61-63BC4238A98B}.Debug|Any CPU.ActiveCfg = Debug|Any CPU
		{91CF7225-EB64-43BB-AC61-63BC4238A98B}.Debug|Any CPU.Build.0 = Debug|Any CPU
		{91CF7225-EB64-43BB-AC61-63BC4238A98B}.Release|Any CPU.ActiveCfg = Release|Any CPU
		{91CF7225-EB64-43BB-AC61-63BC4238A98B}.Release|Any CPU.Build.0 = Release|Any CPU
	EndGlobalSection
	GlobalSection(SolutionProperties) = preSolution
		HideSolutionNode = FALSE
	EndGlobalSection
	GlobalSection(ExtensibilityGlobals) = postSolution
		SolutionGuid = {886945B1-849A-4E5F-A04B-6E4C3F331A95}
	EndGlobalSection
EndGlobal
